// !$*UTF8*$!
{
	archiveVersion = 1;
	classes = {
	};
	objectVersion = 46;
	objects = {

/* Begin PBXBuildFile section */
		00E356F31AD99517003FC87E /* aurora_frontTests.m in Sources */ = {isa = PBXBuildFile; fileRef = 00E356F21AD99517003FC87E /* aurora_frontTests.m */; };
		13B07FBC1A68108700A75B9A /* AppDelegate.m in Sources */ = {isa = PBXBuildFile; fileRef = 13B07FB01A68108700A75B9A /* AppDelegate.m */; };
		13B07FBD1A68108700A75B9A /* LaunchScreen.xib in Resources */ = {isa = PBXBuildFile; fileRef = 13B07FB11A68108700A75B9A /* LaunchScreen.xib */; };
		13B07FBF1A68108700A75B9A /* Images.xcassets in Resources */ = {isa = PBXBuildFile; fileRef = 13B07FB51A68108700A75B9A /* Images.xcassets */; };
		13B07FC11A68108700A75B9A /* main.m in Sources */ = {isa = PBXBuildFile; fileRef = 13B07FB71A68108700A75B9A /* main.m */; };
		1605EB6C3C2F4ED7A1C1F6ED /* Rubik-Medium.ttf in Resources */ = {isa = PBXBuildFile; fileRef = 4E592A3491E545539C7C21CC /* Rubik-Medium.ttf */; };
		2D02E4BC1E0B4A80006451C7 /* AppDelegate.m in Sources */ = {isa = PBXBuildFile; fileRef = 13B07FB01A68108700A75B9A /* AppDelegate.m */; };
		2D02E4BD1E0B4A84006451C7 /* Images.xcassets in Resources */ = {isa = PBXBuildFile; fileRef = 13B07FB51A68108700A75B9A /* Images.xcassets */; };
		2D02E4BF1E0B4AB3006451C7 /* main.m in Sources */ = {isa = PBXBuildFile; fileRef = 13B07FB71A68108700A75B9A /* main.m */; };
		2D5C44D7E50F3ACEA27A6E9F /* libPods-aurora_front-tvOSTests.a in Frameworks */ = {isa = PBXBuildFile; fileRef = 549CFD5D31BE44DDD105E262 /* libPods-aurora_front-tvOSTests.a */; };
		2DCD954D1E0B4F2C00145EB5 /* aurora_frontTests.m in Sources */ = {isa = PBXBuildFile; fileRef = 00E356F21AD99517003FC87E /* aurora_frontTests.m */; };
		382989BBB4797C968CD00BFC /* libPods-aurora_front.a in Frameworks */ = {isa = PBXBuildFile; fileRef = 488DBBB1E21D759E0F1645AB /* libPods-aurora_front.a */; };
		3FE4B26BC8F376862DA16C82 /* libPods-aurora_frontTests.a in Frameworks */ = {isa = PBXBuildFile; fileRef = 47A8BE776B027F37E72DB593 /* libPods-aurora_frontTests.a */; };
		4BEAE2B324459D5200488FF0 /* opencv2.framework in Frameworks */ = {isa = PBXBuildFile; fileRef = 4BEAE2B224459D5200488FF0 /* opencv2.framework */; };
		4BEAE30E2446111800488FF0 /* hsv.obj in Resources */ = {isa = PBXBuildFile; fileRef = 4BEAE2F62446111800488FF0 /* hsv.obj */; };
		4BEAE30F2446111800488FF0 /* OpenCV Test.obj in Resources */ = {isa = PBXBuildFile; fileRef = 4BEAE2F72446111800488FF0 /* OpenCV Test.obj */; };
		4BEAE3102446111800488FF0 /* gui.obj in Resources */ = {isa = PBXBuildFile; fileRef = 4BEAE2F82446111800488FF0 /* gui.obj */; };
		4BEAE3112446111800488FF0 /* vc141.pdb in Resources */ = {isa = PBXBuildFile; fileRef = 4BEAE2F92446111800488FF0 /* vc141.pdb */; };
		4BEAE3132446111800488FF0 /* link.command.1.tlog in Resources */ = {isa = PBXBuildFile; fileRef = 4BEAE2FC2446111800488FF0 /* link.command.1.tlog */; };
		4BEAE3142446111800488FF0 /* link.write.1.tlog in Resources */ = {isa = PBXBuildFile; fileRef = 4BEAE2FD2446111800488FF0 /* link.write.1.tlog */; };
		4BEAE3152446111800488FF0 /* CL.read.1.tlog in Resources */ = {isa = PBXBuildFile; fileRef = 4BEAE2FE2446111800488FF0 /* CL.read.1.tlog */; };
		4BEAE3162446111800488FF0 /* OpenCV Test.lastbuildstate in Resources */ = {isa = PBXBuildFile; fileRef = 4BEAE2FF2446111800488FF0 /* OpenCV Test.lastbuildstate */; };
		4BEAE3172446111800488FF0 /* CL.command.1.tlog in Resources */ = {isa = PBXBuildFile; fileRef = 4BEAE3002446111800488FF0 /* CL.command.1.tlog */; };
		4BEAE3182446111800488FF0 /* CL.write.1.tlog in Resources */ = {isa = PBXBuildFile; fileRef = 4BEAE3012446111800488FF0 /* CL.write.1.tlog */; };
		4BEAE3192446111800488FF0 /* main.obj in Resources */ = {isa = PBXBuildFile; fileRef = 4BEAE3022446111800488FF0 /* main.obj */; };
		4BEAE31A2446111800488FF0 /* trackbar.obj in Resources */ = {isa = PBXBuildFile; fileRef = 4BEAE3032446111800488FF0 /* trackbar.obj */; };
		4BEAE31B2446111800488FF0 /* testFunc.obj in Resources */ = {isa = PBXBuildFile; fileRef = 4BEAE3042446111800488FF0 /* testFunc.obj */; };
		4BEAE31C2446111800488FF0 /* core.obj in Resources */ = {isa = PBXBuildFile; fileRef = 4BEAE3052446111800488FF0 /* core.obj */; };
		4BEAE31D2446111800488FF0 /* OpenCV Test.log in Resources */ = {isa = PBXBuildFile; fileRef = 4BEAE3062446111800488FF0 /* OpenCV Test.log */; };
		4BEAE31E2446111800488FF0 /* vc141.idb in Resources */ = {isa = PBXBuildFile; fileRef = 4BEAE3072446111800488FF0 /* vc141.idb */; };
		4BEAE31F2446111800488FF0 /* test.obj in Resources */ = {isa = PBXBuildFile; fileRef = 4BEAE3082446111800488FF0 /* test.obj */; };
		4BEAE3202446111800488FF0 /* window.obj in Resources */ = {isa = PBXBuildFile; fileRef = 4BEAE3092446111800488FF0 /* window.obj */; };
		4BEAE3212446111800488FF0 /* test.cpp in Sources */ = {isa = PBXBuildFile; fileRef = 4BEAE30A2446111800488FF0 /* test.cpp */; };
		4BEAE3222446111800488FF0 /* RNOpenCvLibrary.mm in Sources */ = {isa = PBXBuildFile; fileRef = 4BEAE30B2446111800488FF0 /* RNOpenCvLibrary.mm */; };
		4BEAE3232446111800488FF0 /* core.mm in Sources */ = {isa = PBXBuildFile; fileRef = 4BEAE30D2446111800488FF0 /* core.mm */; };
		5D8901A48C26473B93B7C7DF /* Rubik-MediumItalic.ttf in Resources */ = {isa = PBXBuildFile; fileRef = 3D4ADEACFE5D465CA1CEFABB /* Rubik-MediumItalic.ttf */; };
		6C530B3AA15F4CD4A31C7438 /* Rubik-Light.ttf in Resources */ = {isa = PBXBuildFile; fileRef = CC480891A0FC48ADAEF46B93 /* Rubik-Light.ttf */; };
		9A9BFB6F58204AE39902E2CF /* Rubik-LightItalic.ttf in Resources */ = {isa = PBXBuildFile; fileRef = 5AC7FCF1A7F1430FAAA52AC4 /* Rubik-LightItalic.ttf */; };
		D1E1106BD186444BB8C8E5B9 /* Rubik-BoldItalic.ttf in Resources */ = {isa = PBXBuildFile; fileRef = 79C46C45E943481E8707B793 /* Rubik-BoldItalic.ttf */; };
		DD693BA5A4A942138B9F230E /* Rubik-BlackItalic.ttf in Resources */ = {isa = PBXBuildFile; fileRef = BFFBD2F2FE844627A9FE530E /* Rubik-BlackItalic.ttf */; };
		DE0EDD3FE85349FFBD699D98 /* rubicon-icon-font.ttf in Resources */ = {isa = PBXBuildFile; fileRef = E1CCACE5D4C2469D886161B1 /* rubicon-icon-font.ttf */; };
		E7909E55FFDD409288D42663 /* Rubik-Italic.ttf in Resources */ = {isa = PBXBuildFile; fileRef = DE83CCE1CD7E41309E1E35B3 /* Rubik-Italic.ttf */; };
		F1DC4EECED1B4D57900874C6 /* Rubik-Bold.ttf in Resources */ = {isa = PBXBuildFile; fileRef = 8B9C2ACBAE894B889369E7B3 /* Rubik-Bold.ttf */; };
		F3139688E1804B22A31BAB29 /* Rubik-Black.ttf in Resources */ = {isa = PBXBuildFile; fileRef = EDB7ECB0708E4B65AD7B4C53 /* Rubik-Black.ttf */; };
		F481EADB102D415980038113 /* Rubik-Regular.ttf in Resources */ = {isa = PBXBuildFile; fileRef = D3CC3E1A70124EC8B21E2CA7 /* Rubik-Regular.ttf */; };
		FA018883E2C204C4E782AA23 /* libPods-aurora_front-tvOS.a in Frameworks */ = {isa = PBXBuildFile; fileRef = C285EE9E5E747F43197831FC /* libPods-aurora_front-tvOS.a */; };
/* End PBXBuildFile section */

/* Begin PBXContainerItemProxy section */
		00E356F41AD99517003FC87E /* PBXContainerItemProxy */ = {
			isa = PBXContainerItemProxy;
			containerPortal = 83CBB9F71A601CBA00E9B192 /* Project object */;
			proxyType = 1;
			remoteGlobalIDString = 13B07F861A680F5B00A75B9A;
			remoteInfo = aurora_front;
		};
		2D02E4911E0B4A5D006451C7 /* PBXContainerItemProxy */ = {
			isa = PBXContainerItemProxy;
			containerPortal = 83CBB9F71A601CBA00E9B192 /* Project object */;
			proxyType = 1;
			remoteGlobalIDString = 2D02E47A1E0B4A5D006451C7;
			remoteInfo = "aurora_front-tvOS";
		};
/* End PBXContainerItemProxy section */

/* Begin PBXFileReference section */
		008F07F21AC5B25A0029DE68 /* main.jsbundle */ = {isa = PBXFileReference; fileEncoding = 4; lastKnownFileType = text; path = main.jsbundle; sourceTree = "<group>"; };
		00E356EE1AD99517003FC87E /* aurora_frontTests.xctest */ = {isa = PBXFileReference; explicitFileType = wrapper.cfbundle; includeInIndex = 0; path = aurora_frontTests.xctest; sourceTree = BUILT_PRODUCTS_DIR; };
		00E356F11AD99517003FC87E /* Info.plist */ = {isa = PBXFileReference; lastKnownFileType = text.plist.xml; path = Info.plist; sourceTree = "<group>"; };
		00E356F21AD99517003FC87E /* aurora_frontTests.m */ = {isa = PBXFileReference; lastKnownFileType = sourcecode.c.objc; path = aurora_frontTests.m; sourceTree = "<group>"; };
		07E12651E5CE08DEC2C4CE20 /* Pods-aurora_frontTests.debug.xcconfig */ = {isa = PBXFileReference; includeInIndex = 1; lastKnownFileType = text.xcconfig; name = "Pods-aurora_frontTests.debug.xcconfig"; path = "Target Support Files/Pods-aurora_frontTests/Pods-aurora_frontTests.debug.xcconfig"; sourceTree = "<group>"; };
		12A6D2F719A94D2FA5677C6A /* FontAwesome5_Solid.ttf */ = {isa = PBXFileReference; explicitFileType = undefined; fileEncoding = 9; includeInIndex = 0; lastKnownFileType = unknown; name = FontAwesome5_Solid.ttf; path = "../node_modules/native-base/Fonts/FontAwesome5_Solid.ttf"; sourceTree = "<group>"; };
		13B07F961A680F5B00A75B9A /* aurora_front.app */ = {isa = PBXFileReference; explicitFileType = wrapper.application; includeInIndex = 0; path = aurora_front.app; sourceTree = BUILT_PRODUCTS_DIR; };
		13B07FAF1A68108700A75B9A /* AppDelegate.h */ = {isa = PBXFileReference; fileEncoding = 4; lastKnownFileType = sourcecode.c.h; name = AppDelegate.h; path = aurora_front/AppDelegate.h; sourceTree = "<group>"; };
		13B07FB01A68108700A75B9A /* AppDelegate.m */ = {isa = PBXFileReference; fileEncoding = 4; lastKnownFileType = sourcecode.c.objc; name = AppDelegate.m; path = aurora_front/AppDelegate.m; sourceTree = "<group>"; };
		13B07FB21A68108700A75B9A /* Base */ = {isa = PBXFileReference; lastKnownFileType = file.xib; name = Base; path = Base.lproj/LaunchScreen.xib; sourceTree = "<group>"; };
		13B07FB51A68108700A75B9A /* Images.xcassets */ = {isa = PBXFileReference; lastKnownFileType = folder.assetcatalog; name = Images.xcassets; path = aurora_front/Images.xcassets; sourceTree = "<group>"; };
		13B07FB61A68108700A75B9A /* Info.plist */ = {isa = PBXFileReference; fileEncoding = 4; lastKnownFileType = text.plist.xml; name = Info.plist; path = aurora_front/Info.plist; sourceTree = "<group>"; };
		13B07FB71A68108700A75B9A /* main.m */ = {isa = PBXFileReference; fileEncoding = 4; lastKnownFileType = sourcecode.c.objc; name = main.m; path = aurora_front/main.m; sourceTree = "<group>"; };
		19029A51E41B44539544EA78 /* Octicons.ttf */ = {isa = PBXFileReference; explicitFileType = undefined; fileEncoding = 9; includeInIndex = 0; lastKnownFileType = unknown; name = Octicons.ttf; path = "../node_modules/react-native-vector-icons/Fonts/Octicons.ttf"; sourceTree = "<group>"; };
		21E85384F4E646849161C298 /* Foundation.ttf */ = {isa = PBXFileReference; explicitFileType = undefined; fileEncoding = 9; includeInIndex = 0; lastKnownFileType = unknown; name = Foundation.ttf; path = "../node_modules/react-native-vector-icons/Fonts/Foundation.ttf"; sourceTree = "<group>"; };
		222DF75F59144FDC8F6F42E3 /* Foundation.ttf */ = {isa = PBXFileReference; explicitFileType = undefined; fileEncoding = 9; includeInIndex = 0; lastKnownFileType = unknown; name = Foundation.ttf; path = "../node_modules/native-base/Fonts/Foundation.ttf"; sourceTree = "<group>"; };
		261BB8D518A446EAAACB308A /* EvilIcons.ttf */ = {isa = PBXFileReference; explicitFileType = undefined; fileEncoding = 9; includeInIndex = 0; lastKnownFileType = unknown; name = EvilIcons.ttf; path = "../node_modules/native-base/Fonts/EvilIcons.ttf"; sourceTree = "<group>"; };
		292D747C574A43B2A4CEC174 /* FontAwesome5_Regular.ttf */ = {isa = PBXFileReference; explicitFileType = undefined; fileEncoding = 9; includeInIndex = 0; lastKnownFileType = unknown; name = FontAwesome5_Regular.ttf; path = "../node_modules/react-native-vector-icons/Fonts/FontAwesome5_Regular.ttf"; sourceTree = "<group>"; };
		2C8F6A47325548C194D51C12 /* Zocial.ttf */ = {isa = PBXFileReference; explicitFileType = undefined; fileEncoding = 9; includeInIndex = 0; lastKnownFileType = unknown; name = Zocial.ttf; path = "../node_modules/native-base/Fonts/Zocial.ttf"; sourceTree = "<group>"; };
		2D02E47B1E0B4A5D006451C7 /* aurora_front-tvOS.app */ = {isa = PBXFileReference; explicitFileType = wrapper.application; includeInIndex = 0; path = "aurora_front-tvOS.app"; sourceTree = BUILT_PRODUCTS_DIR; };
		2D02E4901E0B4A5D006451C7 /* aurora_front-tvOSTests.xctest */ = {isa = PBXFileReference; explicitFileType = wrapper.cfbundle; includeInIndex = 0; path = "aurora_front-tvOSTests.xctest"; sourceTree = BUILT_PRODUCTS_DIR; };
		3159A4A29A3E4752AFFB8EBA /* Zocial.ttf */ = {isa = PBXFileReference; explicitFileType = undefined; fileEncoding = 9; includeInIndex = 0; lastKnownFileType = unknown; name = Zocial.ttf; path = "../node_modules/react-native-vector-icons/Fonts/Zocial.ttf"; sourceTree = "<group>"; };
		3888104AA14A3FE93F961F7C /* Pods-aurora_front.release.xcconfig */ = {isa = PBXFileReference; includeInIndex = 1; lastKnownFileType = text.xcconfig; name = "Pods-aurora_front.release.xcconfig"; path = "Target Support Files/Pods-aurora_front/Pods-aurora_front.release.xcconfig"; sourceTree = "<group>"; };
		3D4ADEACFE5D465CA1CEFABB /* Rubik-MediumItalic.ttf */ = {isa = PBXFileReference; explicitFileType = undefined; fileEncoding = 9; includeInIndex = 0; lastKnownFileType = unknown; name = "Rubik-MediumItalic.ttf"; path = "../node_modules/@shoutem/ui/fonts/Rubik-MediumItalic.ttf"; sourceTree = "<group>"; };
		47A8BE776B027F37E72DB593 /* libPods-aurora_frontTests.a */ = {isa = PBXFileReference; explicitFileType = archive.ar; includeInIndex = 0; path = "libPods-aurora_frontTests.a"; sourceTree = BUILT_PRODUCTS_DIR; };
		488DBBB1E21D759E0F1645AB /* libPods-aurora_front.a */ = {isa = PBXFileReference; explicitFileType = archive.ar; includeInIndex = 0; path = "libPods-aurora_front.a"; sourceTree = BUILT_PRODUCTS_DIR; };
		4931FC5B650B4A5EAC07C9AE /* AntDesign.ttf */ = {isa = PBXFileReference; explicitFileType = undefined; fileEncoding = 9; includeInIndex = 0; lastKnownFileType = unknown; name = AntDesign.ttf; path = "../node_modules/native-base/Fonts/AntDesign.ttf"; sourceTree = "<group>"; };
		4A9FE9ED68E544D6BCF46987 /* FontAwesome.ttf */ = {isa = PBXFileReference; explicitFileType = undefined; fileEncoding = 9; includeInIndex = 0; lastKnownFileType = unknown; name = FontAwesome.ttf; path = "../node_modules/react-native-vector-icons/Fonts/FontAwesome.ttf"; sourceTree = "<group>"; };
		4BB34648246037B100227676 /* Rubik-BoldItalic.ttf */ = {isa = PBXFileReference; lastKnownFileType = file; name = "Rubik-BoldItalic.ttf"; path = "../node_modules/@shoutem/ui/fonts/Rubik-BoldItalic.ttf"; sourceTree = "<group>"; };
		4BB34649246037B100227676 /* Rubik-Black.ttf */ = {isa = PBXFileReference; lastKnownFileType = file; name = "Rubik-Black.ttf"; path = "../node_modules/@shoutem/ui/fonts/Rubik-Black.ttf"; sourceTree = "<group>"; };
		4BB3464A246037B100227676 /* rubicon-icon-font.ttf */ = {isa = PBXFileReference; lastKnownFileType = file; name = "rubicon-icon-font.ttf"; path = "../node_modules/@shoutem/ui/fonts/rubicon-icon-font.ttf"; sourceTree = "<group>"; };
		4BB3464B246037B100227676 /* Rubik-Medium.ttf */ = {isa = PBXFileReference; lastKnownFileType = file; name = "Rubik-Medium.ttf"; path = "../node_modules/@shoutem/ui/fonts/Rubik-Medium.ttf"; sourceTree = "<group>"; };
		4BB3464C246037B100227676 /* Rubik-Light.ttf */ = {isa = PBXFileReference; lastKnownFileType = file; name = "Rubik-Light.ttf"; path = "../node_modules/@shoutem/ui/fonts/Rubik-Light.ttf"; sourceTree = "<group>"; };
		4BB3464D246037B100227676 /* Rubik-BlackItalic.ttf */ = {isa = PBXFileReference; lastKnownFileType = file; name = "Rubik-BlackItalic.ttf"; path = "../node_modules/@shoutem/ui/fonts/Rubik-BlackItalic.ttf"; sourceTree = "<group>"; };
		4BB3464E246037B100227676 /* Rubik-MediumItalic.ttf */ = {isa = PBXFileReference; lastKnownFileType = file; name = "Rubik-MediumItalic.ttf"; path = "../node_modules/@shoutem/ui/fonts/Rubik-MediumItalic.ttf"; sourceTree = "<group>"; };
		4BB3464F246037B100227676 /* Rubik-Italic.ttf */ = {isa = PBXFileReference; lastKnownFileType = file; name = "Rubik-Italic.ttf"; path = "../node_modules/@shoutem/ui/fonts/Rubik-Italic.ttf"; sourceTree = "<group>"; };
		4BB34650246037B100227676 /* Rubik-LightItalic.ttf */ = {isa = PBXFileReference; lastKnownFileType = file; name = "Rubik-LightItalic.ttf"; path = "../node_modules/@shoutem/ui/fonts/Rubik-LightItalic.ttf"; sourceTree = "<group>"; };
		4BB34651246037B100227676 /* Rubik-Bold.ttf */ = {isa = PBXFileReference; lastKnownFileType = file; name = "Rubik-Bold.ttf"; path = "../node_modules/@shoutem/ui/fonts/Rubik-Bold.ttf"; sourceTree = "<group>"; };
		4BB34652246037B100227676 /* Rubik-Regular.ttf */ = {isa = PBXFileReference; lastKnownFileType = file; name = "Rubik-Regular.ttf"; path = "../node_modules/@shoutem/ui/fonts/Rubik-Regular.ttf"; sourceTree = "<group>"; };
		4BEAE2B224459D5200488FF0 /* opencv2.framework */ = {isa = PBXFileReference; lastKnownFileType = wrapper.framework; path = opencv2.framework; sourceTree = "<group>"; };
		4BEAE2F22446111800488FF0 /* header.h */ = {isa = PBXFileReference; fileEncoding = 4; lastKnownFileType = sourcecode.c.h; path = header.h; sourceTree = "<group>"; };
		4BEAE2F32446111800488FF0 /* define.h */ = {isa = PBXFileReference; fileEncoding = 4; lastKnownFileType = sourcecode.c.h; path = define.h; sourceTree = "<group>"; };
		4BEAE2F62446111800488FF0 /* hsv.obj */ = {isa = PBXFileReference; lastKnownFileType = file; path = hsv.obj; sourceTree = "<group>"; };
		4BEAE2F72446111800488FF0 /* OpenCV Test.obj */ = {isa = PBXFileReference; lastKnownFileType = file; path = "OpenCV Test.obj"; sourceTree = "<group>"; };
		4BEAE2F82446111800488FF0 /* gui.obj */ = {isa = PBXFileReference; lastKnownFileType = file; path = gui.obj; sourceTree = "<group>"; };
		4BEAE2F92446111800488FF0 /* vc141.pdb */ = {isa = PBXFileReference; lastKnownFileType = file; path = vc141.pdb; sourceTree = "<group>"; };
		4BEAE2FB2446111800488FF0 /* link.read.1.tlog */ = {isa = PBXFileReference; fileEncoding = 4; lastKnownFileType = text; path = link.read.1.tlog; sourceTree = "<group>"; };
		4BEAE2FC2446111800488FF0 /* link.command.1.tlog */ = {isa = PBXFileReference; fileEncoding = 4; lastKnownFileType = text; path = link.command.1.tlog; sourceTree = "<group>"; };
		4BEAE2FD2446111800488FF0 /* link.write.1.tlog */ = {isa = PBXFileReference; fileEncoding = 4; lastKnownFileType = text; path = link.write.1.tlog; sourceTree = "<group>"; };
		4BEAE2FE2446111800488FF0 /* CL.read.1.tlog */ = {isa = PBXFileReference; fileEncoding = 4; lastKnownFileType = text; path = CL.read.1.tlog; sourceTree = "<group>"; };
		4BEAE2FF2446111800488FF0 /* OpenCV Test.lastbuildstate */ = {isa = PBXFileReference; fileEncoding = 4; lastKnownFileType = text; path = "OpenCV Test.lastbuildstate"; sourceTree = "<group>"; };
		4BEAE3002446111800488FF0 /* CL.command.1.tlog */ = {isa = PBXFileReference; fileEncoding = 4; lastKnownFileType = text; path = CL.command.1.tlog; sourceTree = "<group>"; };
		4BEAE3012446111800488FF0 /* CL.write.1.tlog */ = {isa = PBXFileReference; fileEncoding = 4; lastKnownFileType = text; path = CL.write.1.tlog; sourceTree = "<group>"; };
		4BEAE3022446111800488FF0 /* main.obj */ = {isa = PBXFileReference; lastKnownFileType = file; path = main.obj; sourceTree = "<group>"; };
		4BEAE3032446111800488FF0 /* trackbar.obj */ = {isa = PBXFileReference; lastKnownFileType = file; path = trackbar.obj; sourceTree = "<group>"; };
		4BEAE3042446111800488FF0 /* testFunc.obj */ = {isa = PBXFileReference; lastKnownFileType = file; path = testFunc.obj; sourceTree = "<group>"; };
		4BEAE3052446111800488FF0 /* core.obj */ = {isa = PBXFileReference; lastKnownFileType = file; path = core.obj; sourceTree = "<group>"; };
		4BEAE3062446111800488FF0 /* OpenCV Test.log */ = {isa = PBXFileReference; fileEncoding = 4; lastKnownFileType = text; path = "OpenCV Test.log"; sourceTree = "<group>"; };
		4BEAE3072446111800488FF0 /* vc141.idb */ = {isa = PBXFileReference; lastKnownFileType = file; path = vc141.idb; sourceTree = "<group>"; };
		4BEAE3082446111800488FF0 /* test.obj */ = {isa = PBXFileReference; lastKnownFileType = file; path = test.obj; sourceTree = "<group>"; };
		4BEAE3092446111800488FF0 /* window.obj */ = {isa = PBXFileReference; lastKnownFileType = file; path = window.obj; sourceTree = "<group>"; };
		4BEAE30A2446111800488FF0 /* test.cpp */ = {isa = PBXFileReference; fileEncoding = 4; lastKnownFileType = sourcecode.cpp.cpp; path = test.cpp; sourceTree = "<group>"; };
		4BEAE30B2446111800488FF0 /* RNOpenCvLibrary.mm */ = {isa = PBXFileReference; fileEncoding = 4; lastKnownFileType = sourcecode.cpp.objcpp; path = RNOpenCvLibrary.mm; sourceTree = "<group>"; };
		4BEAE30C2446111800488FF0 /* RNOpenCvLibrary.h */ = {isa = PBXFileReference; fileEncoding = 4; lastKnownFileType = sourcecode.c.h; path = RNOpenCvLibrary.h; sourceTree = "<group>"; };
		4BEAE30D2446111800488FF0 /* core.mm */ = {isa = PBXFileReference; fileEncoding = 4; lastKnownFileType = sourcecode.cpp.objcpp; path = core.mm; sourceTree = "<group>"; };
		4E592A3491E545539C7C21CC /* Rubik-Medium.ttf */ = {isa = PBXFileReference; explicitFileType = undefined; fileEncoding = 9; includeInIndex = 0; lastKnownFileType = unknown; name = "Rubik-Medium.ttf"; path = "../node_modules/@shoutem/ui/fonts/Rubik-Medium.ttf"; sourceTree = "<group>"; };
		549080E5E51D4CEABF28DD91 /* Ionicons.ttf */ = {isa = PBXFileReference; explicitFileType = undefined; fileEncoding = 9; includeInIndex = 0; lastKnownFileType = unknown; name = Ionicons.ttf; path = "../node_modules/native-base/Fonts/Ionicons.ttf"; sourceTree = "<group>"; };
		549CFD5D31BE44DDD105E262 /* libPods-aurora_front-tvOSTests.a */ = {isa = PBXFileReference; explicitFileType = archive.ar; includeInIndex = 0; path = "libPods-aurora_front-tvOSTests.a"; sourceTree = BUILT_PRODUCTS_DIR; };
		5886B5CD51BB0145BBC5A3F7 /* Pods-aurora_front-tvOSTests.debug.xcconfig */ = {isa = PBXFileReference; includeInIndex = 1; lastKnownFileType = text.xcconfig; name = "Pods-aurora_front-tvOSTests.debug.xcconfig"; path = "Target Support Files/Pods-aurora_front-tvOSTests/Pods-aurora_front-tvOSTests.debug.xcconfig"; sourceTree = "<group>"; };
		5931A1D242E445EA08D0731A /* Pods-aurora_front.debug.xcconfig */ = {isa = PBXFileReference; includeInIndex = 1; lastKnownFileType = text.xcconfig; name = "Pods-aurora_front.debug.xcconfig"; path = "Target Support Files/Pods-aurora_front/Pods-aurora_front.debug.xcconfig"; sourceTree = "<group>"; };
		5AC7FCF1A7F1430FAAA52AC4 /* Rubik-LightItalic.ttf */ = {isa = PBXFileReference; explicitFileType = undefined; fileEncoding = 9; includeInIndex = 0; lastKnownFileType = unknown; name = "Rubik-LightItalic.ttf"; path = "../node_modules/@shoutem/ui/fonts/Rubik-LightItalic.ttf"; sourceTree = "<group>"; };
		5F0721888DF846D6A3CE91C2 /* Fontisto.ttf */ = {isa = PBXFileReference; explicitFileType = undefined; fileEncoding = 9; includeInIndex = 0; lastKnownFileType = unknown; name = Fontisto.ttf; path = "../node_modules/native-base/Fonts/Fontisto.ttf"; sourceTree = "<group>"; };
		64DA9E91ECF783CEB3E8CB43 /* Pods-aurora_front-tvOS.release.xcconfig */ = {isa = PBXFileReference; includeInIndex = 1; lastKnownFileType = text.xcconfig; name = "Pods-aurora_front-tvOS.release.xcconfig"; path = "Target Support Files/Pods-aurora_front-tvOS/Pods-aurora_front-tvOS.release.xcconfig"; sourceTree = "<group>"; };
		6873F2E930D34446A0E96A67 /* FontAwesome.ttf */ = {isa = PBXFileReference; explicitFileType = undefined; fileEncoding = 9; includeInIndex = 0; lastKnownFileType = unknown; name = FontAwesome.ttf; path = "../node_modules/native-base/Fonts/FontAwesome.ttf"; sourceTree = "<group>"; };
		764296C322804B2A85D166A0 /* Feather.ttf */ = {isa = PBXFileReference; explicitFileType = undefined; fileEncoding = 9; includeInIndex = 0; lastKnownFileType = unknown; name = Feather.ttf; path = "../node_modules/react-native-vector-icons/Fonts/Feather.ttf"; sourceTree = "<group>"; };
		7883E60DF7C0418B66F55FE4 /* Pods-aurora_front-tvOSTests.release.xcconfig */ = {isa = PBXFileReference; includeInIndex = 1; lastKnownFileType = text.xcconfig; name = "Pods-aurora_front-tvOSTests.release.xcconfig"; path = "Target Support Files/Pods-aurora_front-tvOSTests/Pods-aurora_front-tvOSTests.release.xcconfig"; sourceTree = "<group>"; };
		79C46C45E943481E8707B793 /* Rubik-BoldItalic.ttf */ = {isa = PBXFileReference; explicitFileType = undefined; fileEncoding = 9; includeInIndex = 0; lastKnownFileType = unknown; name = "Rubik-BoldItalic.ttf"; path = "../node_modules/@shoutem/ui/fonts/Rubik-BoldItalic.ttf"; sourceTree = "<group>"; };
		84F177CA072E4B9FAF758337 /* SimpleLineIcons.ttf */ = {isa = PBXFileReference; explicitFileType = undefined; fileEncoding = 9; includeInIndex = 0; lastKnownFileType = unknown; name = SimpleLineIcons.ttf; path = "../node_modules/native-base/Fonts/SimpleLineIcons.ttf"; sourceTree = "<group>"; };
		86D8B526CE624196A2C61E3E /* Roboto.ttf */ = {isa = PBXFileReference; explicitFileType = undefined; fileEncoding = 9; includeInIndex = 0; lastKnownFileType = unknown; name = Roboto.ttf; path = "../node_modules/native-base/Fonts/Roboto.ttf"; sourceTree = "<group>"; };
		8B9C2ACBAE894B889369E7B3 /* Rubik-Bold.ttf */ = {isa = PBXFileReference; explicitFileType = undefined; fileEncoding = 9; includeInIndex = 0; lastKnownFileType = unknown; name = "Rubik-Bold.ttf"; path = "../node_modules/@shoutem/ui/fonts/Rubik-Bold.ttf"; sourceTree = "<group>"; };
		8EB24137E6954F51AF7C89AE /* Feather.ttf */ = {isa = PBXFileReference; explicitFileType = undefined; fileEncoding = 9; includeInIndex = 0; lastKnownFileType = unknown; name = Feather.ttf; path = "../node_modules/native-base/Fonts/Feather.ttf"; sourceTree = "<group>"; };
		91454BD12AD94C369F75FEDA /* Fontisto.ttf */ = {isa = PBXFileReference; explicitFileType = undefined; fileEncoding = 9; includeInIndex = 0; lastKnownFileType = unknown; name = Fontisto.ttf; path = "../node_modules/react-native-vector-icons/Fonts/Fontisto.ttf"; sourceTree = "<group>"; };
		99A780249DD84F698CEA973E /* Roboto_medium.ttf */ = {isa = PBXFileReference; explicitFileType = undefined; fileEncoding = 9; includeInIndex = 0; lastKnownFileType = unknown; name = Roboto_medium.ttf; path = "../node_modules/native-base/Fonts/Roboto_medium.ttf"; sourceTree = "<group>"; };
		9DD43B5ED8594C4886D2C965 /* FontAwesome5_Solid.ttf */ = {isa = PBXFileReference; explicitFileType = undefined; fileEncoding = 9; includeInIndex = 0; lastKnownFileType = unknown; name = FontAwesome5_Solid.ttf; path = "../node_modules/react-native-vector-icons/Fonts/FontAwesome5_Solid.ttf"; sourceTree = "<group>"; };
		A63FD0CA98B8479DA68CD868 /* MaterialIcons.ttf */ = {isa = PBXFileReference; explicitFileType = undefined; fileEncoding = 9; includeInIndex = 0; lastKnownFileType = unknown; name = MaterialIcons.ttf; path = "../node_modules/react-native-vector-icons/Fonts/MaterialIcons.ttf"; sourceTree = "<group>"; };
		A9E7DC902E584158A1D1B40B /* MaterialCommunityIcons.ttf */ = {isa = PBXFileReference; explicitFileType = undefined; fileEncoding = 9; includeInIndex = 0; lastKnownFileType = unknown; name = MaterialCommunityIcons.ttf; path = "../node_modules/react-native-vector-icons/Fonts/MaterialCommunityIcons.ttf"; sourceTree = "<group>"; };
		ADBF92769E1B4406880BC23D /* Entypo.ttf */ = {isa = PBXFileReference; explicitFileType = undefined; fileEncoding = 9; includeInIndex = 0; lastKnownFileType = unknown; name = Entypo.ttf; path = "../node_modules/react-native-vector-icons/Fonts/Entypo.ttf"; sourceTree = "<group>"; };
		AEF0AC32AD384CF3BD9E14E6 /* Ionicons.ttf */ = {isa = PBXFileReference; explicitFileType = undefined; fileEncoding = 9; includeInIndex = 0; lastKnownFileType = unknown; name = Ionicons.ttf; path = "../node_modules/react-native-vector-icons/Fonts/Ionicons.ttf"; sourceTree = "<group>"; };
		B443FD8E8370450A96771E27 /* FontAwesome5_Brands.ttf */ = {isa = PBXFileReference; explicitFileType = undefined; fileEncoding = 9; includeInIndex = 0; lastKnownFileType = unknown; name = FontAwesome5_Brands.ttf; path = "../node_modules/react-native-vector-icons/Fonts/FontAwesome5_Brands.ttf"; sourceTree = "<group>"; };
		BFFBD2F2FE844627A9FE530E /* Rubik-BlackItalic.ttf */ = {isa = PBXFileReference; explicitFileType = undefined; fileEncoding = 9; includeInIndex = 0; lastKnownFileType = unknown; name = "Rubik-BlackItalic.ttf"; path = "../node_modules/@shoutem/ui/fonts/Rubik-BlackItalic.ttf"; sourceTree = "<group>"; };
		C285EE9E5E747F43197831FC /* libPods-aurora_front-tvOS.a */ = {isa = PBXFileReference; explicitFileType = archive.ar; includeInIndex = 0; path = "libPods-aurora_front-tvOS.a"; sourceTree = BUILT_PRODUCTS_DIR; };
		C356BFF5F9FB4195AF4D1F41 /* EvilIcons.ttf */ = {isa = PBXFileReference; explicitFileType = undefined; fileEncoding = 9; includeInIndex = 0; lastKnownFileType = unknown; name = EvilIcons.ttf; path = "../node_modules/react-native-vector-icons/Fonts/EvilIcons.ttf"; sourceTree = "<group>"; };
		C68514A802DF4384ABD5AC4B /* FontAwesome5_Brands.ttf */ = {isa = PBXFileReference; explicitFileType = undefined; fileEncoding = 9; includeInIndex = 0; lastKnownFileType = unknown; name = FontAwesome5_Brands.ttf; path = "../node_modules/native-base/Fonts/FontAwesome5_Brands.ttf"; sourceTree = "<group>"; };
		C77B5769877548CCAB0E7B24 /* MaterialIcons.ttf */ = {isa = PBXFileReference; explicitFileType = undefined; fileEncoding = 9; includeInIndex = 0; lastKnownFileType = unknown; name = MaterialIcons.ttf; path = "../node_modules/native-base/Fonts/MaterialIcons.ttf"; sourceTree = "<group>"; };
		C86C261F55AE483F9BE4D5CF /* FontAwesome5_Regular.ttf */ = {isa = PBXFileReference; explicitFileType = undefined; fileEncoding = 9; includeInIndex = 0; lastKnownFileType = unknown; name = FontAwesome5_Regular.ttf; path = "../node_modules/native-base/Fonts/FontAwesome5_Regular.ttf"; sourceTree = "<group>"; };
		CC3C09E29097DE03CDD59EC4 /* Pods-aurora_frontTests.release.xcconfig */ = {isa = PBXFileReference; includeInIndex = 1; lastKnownFileType = text.xcconfig; name = "Pods-aurora_frontTests.release.xcconfig"; path = "Target Support Files/Pods-aurora_frontTests/Pods-aurora_frontTests.release.xcconfig"; sourceTree = "<group>"; };
		CC480891A0FC48ADAEF46B93 /* Rubik-Light.ttf */ = {isa = PBXFileReference; explicitFileType = undefined; fileEncoding = 9; includeInIndex = 0; lastKnownFileType = unknown; name = "Rubik-Light.ttf"; path = "../node_modules/@shoutem/ui/fonts/Rubik-Light.ttf"; sourceTree = "<group>"; };
		CD4E12F942654F3D9A32B7AB /* Octicons.ttf */ = {isa = PBXFileReference; explicitFileType = undefined; fileEncoding = 9; includeInIndex = 0; lastKnownFileType = unknown; name = Octicons.ttf; path = "../node_modules/native-base/Fonts/Octicons.ttf"; sourceTree = "<group>"; };
		CE605A11A2AB11AAC8E83842 /* Pods-aurora_front-tvOS.debug.xcconfig */ = {isa = PBXFileReference; includeInIndex = 1; lastKnownFileType = text.xcconfig; name = "Pods-aurora_front-tvOS.debug.xcconfig"; path = "Target Support Files/Pods-aurora_front-tvOS/Pods-aurora_front-tvOS.debug.xcconfig"; sourceTree = "<group>"; };
		D3CC3E1A70124EC8B21E2CA7 /* Rubik-Regular.ttf */ = {isa = PBXFileReference; explicitFileType = undefined; fileEncoding = 9; includeInIndex = 0; lastKnownFileType = unknown; name = "Rubik-Regular.ttf"; path = "../node_modules/@shoutem/ui/fonts/Rubik-Regular.ttf"; sourceTree = "<group>"; };
		DE83CCE1CD7E41309E1E35B3 /* Rubik-Italic.ttf */ = {isa = PBXFileReference; explicitFileType = undefined; fileEncoding = 9; includeInIndex = 0; lastKnownFileType = unknown; name = "Rubik-Italic.ttf"; path = "../node_modules/@shoutem/ui/fonts/Rubik-Italic.ttf"; sourceTree = "<group>"; };
		E1CCACE5D4C2469D886161B1 /* rubicon-icon-font.ttf */ = {isa = PBXFileReference; explicitFileType = undefined; fileEncoding = 9; includeInIndex = 0; lastKnownFileType = unknown; name = "rubicon-icon-font.ttf"; path = "../node_modules/@shoutem/ui/fonts/rubicon-icon-font.ttf"; sourceTree = "<group>"; };
		E2BE1B72ABDB4F2E9DB9FCA1 /* SimpleLineIcons.ttf */ = {isa = PBXFileReference; explicitFileType = undefined; fileEncoding = 9; includeInIndex = 0; lastKnownFileType = unknown; name = SimpleLineIcons.ttf; path = "../node_modules/react-native-vector-icons/Fonts/SimpleLineIcons.ttf"; sourceTree = "<group>"; };
		ED297162215061F000B7C4FE /* JavaScriptCore.framework */ = {isa = PBXFileReference; lastKnownFileType = wrapper.framework; name = JavaScriptCore.framework; path = System/Library/Frameworks/JavaScriptCore.framework; sourceTree = SDKROOT; };
		ED2971642150620600B7C4FE /* JavaScriptCore.framework */ = {isa = PBXFileReference; lastKnownFileType = wrapper.framework; name = JavaScriptCore.framework; path = Platforms/AppleTVOS.platform/Developer/SDKs/AppleTVOS12.0.sdk/System/Library/Frameworks/JavaScriptCore.framework; sourceTree = DEVELOPER_DIR; };
		EDB7ECB0708E4B65AD7B4C53 /* Rubik-Black.ttf */ = {isa = PBXFileReference; explicitFileType = undefined; fileEncoding = 9; includeInIndex = 0; lastKnownFileType = unknown; name = "Rubik-Black.ttf"; path = "../node_modules/@shoutem/ui/fonts/Rubik-Black.ttf"; sourceTree = "<group>"; };
		F648BE4FBB1148298EFE179B /* Entypo.ttf */ = {isa = PBXFileReference; explicitFileType = undefined; fileEncoding = 9; includeInIndex = 0; lastKnownFileType = unknown; name = Entypo.ttf; path = "../node_modules/native-base/Fonts/Entypo.ttf"; sourceTree = "<group>"; };
		F6F53B4DE80E4B278C519A3C /* MaterialCommunityIcons.ttf */ = {isa = PBXFileReference; explicitFileType = undefined; fileEncoding = 9; includeInIndex = 0; lastKnownFileType = unknown; name = MaterialCommunityIcons.ttf; path = "../node_modules/native-base/Fonts/MaterialCommunityIcons.ttf"; sourceTree = "<group>"; };
		FAC967C2EF5843899A2A632B /* AntDesign.ttf */ = {isa = PBXFileReference; explicitFileType = undefined; fileEncoding = 9; includeInIndex = 0; lastKnownFileType = unknown; name = AntDesign.ttf; path = "../node_modules/react-native-vector-icons/Fonts/AntDesign.ttf"; sourceTree = "<group>"; };
/* End PBXFileReference section */

/* Begin PBXFrameworksBuildPhase section */
		00E356EB1AD99517003FC87E /* Frameworks */ = {
			isa = PBXFrameworksBuildPhase;
			buildActionMask = 2147483647;
			files = (
				3FE4B26BC8F376862DA16C82 /* libPods-aurora_frontTests.a in Frameworks */,
			);
			runOnlyForDeploymentPostprocessing = 0;
		};
		13B07F8C1A680F5B00A75B9A /* Frameworks */ = {
			isa = PBXFrameworksBuildPhase;
			buildActionMask = 2147483647;
			files = (
				4BEAE2B324459D5200488FF0 /* opencv2.framework in Frameworks */,
				382989BBB4797C968CD00BFC /* libPods-aurora_front.a in Frameworks */,
			);
			runOnlyForDeploymentPostprocessing = 0;
		};
		2D02E4781E0B4A5D006451C7 /* Frameworks */ = {
			isa = PBXFrameworksBuildPhase;
			buildActionMask = 2147483647;
			files = (
				FA018883E2C204C4E782AA23 /* libPods-aurora_front-tvOS.a in Frameworks */,
			);
			runOnlyForDeploymentPostprocessing = 0;
		};
		2D02E48D1E0B4A5D006451C7 /* Frameworks */ = {
			isa = PBXFrameworksBuildPhase;
			buildActionMask = 2147483647;
			files = (
				2D5C44D7E50F3ACEA27A6E9F /* libPods-aurora_front-tvOSTests.a in Frameworks */,
			);
			runOnlyForDeploymentPostprocessing = 0;
		};
/* End PBXFrameworksBuildPhase section */

/* Begin PBXGroup section */
		00E356EF1AD99517003FC87E /* aurora_frontTests */ = {
			isa = PBXGroup;
			children = (
				00E356F21AD99517003FC87E /* aurora_frontTests.m */,
				00E356F01AD99517003FC87E /* Supporting Files */,
			);
			path = aurora_frontTests;
			sourceTree = "<group>";
		};
		00E356F01AD99517003FC87E /* Supporting Files */ = {
			isa = PBXGroup;
			children = (
				00E356F11AD99517003FC87E /* Info.plist */,
			);
			name = "Supporting Files";
			sourceTree = "<group>";
		};
		13B07FAE1A68108700A75B9A /* aurora_front */ = {
			isa = PBXGroup;
			children = (
				4BEAE2F12446111800488FF0 /* OpenCV */,
				008F07F21AC5B25A0029DE68 /* main.jsbundle */,
				13B07FAF1A68108700A75B9A /* AppDelegate.h */,
				13B07FB01A68108700A75B9A /* AppDelegate.m */,
				13B07FB51A68108700A75B9A /* Images.xcassets */,
				13B07FB61A68108700A75B9A /* Info.plist */,
				13B07FB11A68108700A75B9A /* LaunchScreen.xib */,
				13B07FB71A68108700A75B9A /* main.m */,
			);
			name = aurora_front;
			sourceTree = "<group>";
		};
		15B9014A82B0E9456182AE51 /* Pods */ = {
			isa = PBXGroup;
			children = (
				5931A1D242E445EA08D0731A /* Pods-aurora_front.debug.xcconfig */,
				3888104AA14A3FE93F961F7C /* Pods-aurora_front.release.xcconfig */,
				CE605A11A2AB11AAC8E83842 /* Pods-aurora_front-tvOS.debug.xcconfig */,
				64DA9E91ECF783CEB3E8CB43 /* Pods-aurora_front-tvOS.release.xcconfig */,
				5886B5CD51BB0145BBC5A3F7 /* Pods-aurora_front-tvOSTests.debug.xcconfig */,
				7883E60DF7C0418B66F55FE4 /* Pods-aurora_front-tvOSTests.release.xcconfig */,
				07E12651E5CE08DEC2C4CE20 /* Pods-aurora_frontTests.debug.xcconfig */,
				CC3C09E29097DE03CDD59EC4 /* Pods-aurora_frontTests.release.xcconfig */,
			);
			path = Pods;
			sourceTree = "<group>";
		};
		2D16E6871FA4F8E400B85C8A /* Frameworks */ = {
			isa = PBXGroup;
			children = (
				4BEAE2B224459D5200488FF0 /* opencv2.framework */,
				ED297162215061F000B7C4FE /* JavaScriptCore.framework */,
				ED2971642150620600B7C4FE /* JavaScriptCore.framework */,
				488DBBB1E21D759E0F1645AB /* libPods-aurora_front.a */,
				C285EE9E5E747F43197831FC /* libPods-aurora_front-tvOS.a */,
				549CFD5D31BE44DDD105E262 /* libPods-aurora_front-tvOSTests.a */,
				47A8BE776B027F37E72DB593 /* libPods-aurora_frontTests.a */,
			);
			name = Frameworks;
			sourceTree = "<group>";
		};
		4BB3466E24603AF000227676 /* Recovered References */ = {
			isa = PBXGroup;
			children = (
				E1CCACE5D4C2469D886161B1 /* rubicon-icon-font.ttf */,
				EDB7ECB0708E4B65AD7B4C53 /* Rubik-Black.ttf */,
				BFFBD2F2FE844627A9FE530E /* Rubik-BlackItalic.ttf */,
				8B9C2ACBAE894B889369E7B3 /* Rubik-Bold.ttf */,
				79C46C45E943481E8707B793 /* Rubik-BoldItalic.ttf */,
				DE83CCE1CD7E41309E1E35B3 /* Rubik-Italic.ttf */,
				CC480891A0FC48ADAEF46B93 /* Rubik-Light.ttf */,
				5AC7FCF1A7F1430FAAA52AC4 /* Rubik-LightItalic.ttf */,
				4E592A3491E545539C7C21CC /* Rubik-Medium.ttf */,
				3D4ADEACFE5D465CA1CEFABB /* Rubik-MediumItalic.ttf */,
				D3CC3E1A70124EC8B21E2CA7 /* Rubik-Regular.ttf */,
				4931FC5B650B4A5EAC07C9AE /* AntDesign.ttf */,
				F648BE4FBB1148298EFE179B /* Entypo.ttf */,
				261BB8D518A446EAAACB308A /* EvilIcons.ttf */,
				8EB24137E6954F51AF7C89AE /* Feather.ttf */,
				6873F2E930D34446A0E96A67 /* FontAwesome.ttf */,
				C68514A802DF4384ABD5AC4B /* FontAwesome5_Brands.ttf */,
				C86C261F55AE483F9BE4D5CF /* FontAwesome5_Regular.ttf */,
				12A6D2F719A94D2FA5677C6A /* FontAwesome5_Solid.ttf */,
				5F0721888DF846D6A3CE91C2 /* Fontisto.ttf */,
				222DF75F59144FDC8F6F42E3 /* Foundation.ttf */,
				549080E5E51D4CEABF28DD91 /* Ionicons.ttf */,
				F6F53B4DE80E4B278C519A3C /* MaterialCommunityIcons.ttf */,
				C77B5769877548CCAB0E7B24 /* MaterialIcons.ttf */,
				CD4E12F942654F3D9A32B7AB /* Octicons.ttf */,
				99A780249DD84F698CEA973E /* Roboto_medium.ttf */,
				86D8B526CE624196A2C61E3E /* Roboto.ttf */,
				84F177CA072E4B9FAF758337 /* SimpleLineIcons.ttf */,
				2C8F6A47325548C194D51C12 /* Zocial.ttf */,
			);
			name = "Recovered References";
			sourceTree = "<group>";
		};
		4BEAE2F12446111800488FF0 /* OpenCV */ = {
			isa = PBXGroup;
			children = (
				4BEAE2F22446111800488FF0 /* header.h */,
				4BEAE2F32446111800488FF0 /* define.h */,
				4BEAE2F42446111800488FF0 /* x64 */,
				4BEAE30A2446111800488FF0 /* test.cpp */,
				4BEAE30B2446111800488FF0 /* RNOpenCvLibrary.mm */,
				4BEAE30C2446111800488FF0 /* RNOpenCvLibrary.h */,
				4BEAE30D2446111800488FF0 /* core.mm */,
			);
			name = OpenCV;
			path = ../OpenCV;
			sourceTree = "<group>";
		};
		4BEAE2F42446111800488FF0 /* x64 */ = {
			isa = PBXGroup;
			children = (
				4BEAE2F52446111800488FF0 /* Debug */,
			);
			path = x64;
			sourceTree = "<group>";
		};
		4BEAE2F52446111800488FF0 /* Debug */ = {
			isa = PBXGroup;
			children = (
				4BEAE2F62446111800488FF0 /* hsv.obj */,
				4BEAE2F72446111800488FF0 /* OpenCV Test.obj */,
				4BEAE2F82446111800488FF0 /* gui.obj */,
				4BEAE2F92446111800488FF0 /* vc141.pdb */,
				4BEAE2FA2446111800488FF0 /* OpenCV Test.tlog */,
				4BEAE3022446111800488FF0 /* main.obj */,
				4BEAE3032446111800488FF0 /* trackbar.obj */,
				4BEAE3042446111800488FF0 /* testFunc.obj */,
				4BEAE3052446111800488FF0 /* core.obj */,
				4BEAE3062446111800488FF0 /* OpenCV Test.log */,
				4BEAE3072446111800488FF0 /* vc141.idb */,
				4BEAE3082446111800488FF0 /* test.obj */,
				4BEAE3092446111800488FF0 /* window.obj */,
			);
			path = Debug;
			sourceTree = "<group>";
		};
		4BEAE2FA2446111800488FF0 /* OpenCV Test.tlog */ = {
			isa = PBXGroup;
			children = (
				4BEAE2FB2446111800488FF0 /* link.read.1.tlog */,
				4BEAE2FC2446111800488FF0 /* link.command.1.tlog */,
				4BEAE2FD2446111800488FF0 /* link.write.1.tlog */,
				4BEAE2FE2446111800488FF0 /* CL.read.1.tlog */,
				4BEAE2FF2446111800488FF0 /* OpenCV Test.lastbuildstate */,
				4BEAE3002446111800488FF0 /* CL.command.1.tlog */,
				4BEAE3012446111800488FF0 /* CL.write.1.tlog */,
			);
			path = "OpenCV Test.tlog";
			sourceTree = "<group>";
		};
		832341AE1AAA6A7D00B99B32 /* Libraries */ = {
			isa = PBXGroup;
			children = (
			);
			name = Libraries;
			sourceTree = "<group>";
		};
		83CBB9F61A601CBA00E9B192 = {
			isa = PBXGroup;
			children = (
				13B07FAE1A68108700A75B9A /* aurora_front */,
				832341AE1AAA6A7D00B99B32 /* Libraries */,
				00E356EF1AD99517003FC87E /* aurora_frontTests */,
				83CBBA001A601CBA00E9B192 /* Products */,
				2D16E6871FA4F8E400B85C8A /* Frameworks */,
				15B9014A82B0E9456182AE51 /* Pods */,
				A8657EC40D19448795F7F38E /* Resources */,
				4BB3466E24603AF000227676 /* Recovered References */,
			);
			indentWidth = 2;
			sourceTree = "<group>";
			tabWidth = 2;
			usesTabs = 0;
		};
		83CBBA001A601CBA00E9B192 /* Products */ = {
			isa = PBXGroup;
			children = (
				13B07F961A680F5B00A75B9A /* aurora_front.app */,
				00E356EE1AD99517003FC87E /* aurora_frontTests.xctest */,
				2D02E47B1E0B4A5D006451C7 /* aurora_front-tvOS.app */,
				2D02E4901E0B4A5D006451C7 /* aurora_front-tvOSTests.xctest */,
			);
			name = Products;
			sourceTree = "<group>";
		};
		A8657EC40D19448795F7F38E /* Resources */ = {
			isa = PBXGroup;
			children = (
				FAC967C2EF5843899A2A632B /* AntDesign.ttf */,
				ADBF92769E1B4406880BC23D /* Entypo.ttf */,
				C356BFF5F9FB4195AF4D1F41 /* EvilIcons.ttf */,
				764296C322804B2A85D166A0 /* Feather.ttf */,
				4A9FE9ED68E544D6BCF46987 /* FontAwesome.ttf */,
				B443FD8E8370450A96771E27 /* FontAwesome5_Brands.ttf */,
				292D747C574A43B2A4CEC174 /* FontAwesome5_Regular.ttf */,
				9DD43B5ED8594C4886D2C965 /* FontAwesome5_Solid.ttf */,
				91454BD12AD94C369F75FEDA /* Fontisto.ttf */,
				21E85384F4E646849161C298 /* Foundation.ttf */,
				AEF0AC32AD384CF3BD9E14E6 /* Ionicons.ttf */,
				A9E7DC902E584158A1D1B40B /* MaterialCommunityIcons.ttf */,
				A63FD0CA98B8479DA68CD868 /* MaterialIcons.ttf */,
				19029A51E41B44539544EA78 /* Octicons.ttf */,
				E2BE1B72ABDB4F2E9DB9FCA1 /* SimpleLineIcons.ttf */,
				3159A4A29A3E4752AFFB8EBA /* Zocial.ttf */,
				4BB3464A246037B100227676 /* rubicon-icon-font.ttf */,
				4BB34649246037B100227676 /* Rubik-Black.ttf */,
				4BB3464D246037B100227676 /* Rubik-BlackItalic.ttf */,
				4BB34651246037B100227676 /* Rubik-Bold.ttf */,
				4BB34648246037B100227676 /* Rubik-BoldItalic.ttf */,
				4BB3464F246037B100227676 /* Rubik-Italic.ttf */,
				4BB3464C246037B100227676 /* Rubik-Light.ttf */,
				4BB34650246037B100227676 /* Rubik-LightItalic.ttf */,
				4BB3464B246037B100227676 /* Rubik-Medium.ttf */,
				4BB3464E246037B100227676 /* Rubik-MediumItalic.ttf */,
				4BB34652246037B100227676 /* Rubik-Regular.ttf */,
			);
			name = Resources;
			sourceTree = "<group>";
		};
/* End PBXGroup section */

/* Begin PBXNativeTarget section */
		00E356ED1AD99517003FC87E /* aurora_frontTests */ = {
			isa = PBXNativeTarget;
			buildConfigurationList = 00E357021AD99517003FC87E /* Build configuration list for PBXNativeTarget "aurora_frontTests" */;
			buildPhases = (
				5E4235CA73A0A4C7F1B7BBFC /* [CP] Check Pods Manifest.lock */,
				00E356EA1AD99517003FC87E /* Sources */,
				00E356EB1AD99517003FC87E /* Frameworks */,
				00E356EC1AD99517003FC87E /* Resources */,
			);
			buildRules = (
			);
			dependencies = (
				00E356F51AD99517003FC87E /* PBXTargetDependency */,
			);
			name = aurora_frontTests;
			productName = aurora_frontTests;
			productReference = 00E356EE1AD99517003FC87E /* aurora_frontTests.xctest */;
			productType = "com.apple.product-type.bundle.unit-test";
		};
		13B07F861A680F5B00A75B9A /* aurora_front */ = {
			isa = PBXNativeTarget;
			buildConfigurationList = 13B07F931A680F5B00A75B9A /* Build configuration list for PBXNativeTarget "aurora_front" */;
			buildPhases = (
				ABEA401443819EE2632BE355 /* [CP] Check Pods Manifest.lock */,
				FD10A7F022414F080027D42C /* Start Packager */,
				13B07F871A680F5B00A75B9A /* Sources */,
				13B07F8C1A680F5B00A75B9A /* Frameworks */,
				13B07F8E1A680F5B00A75B9A /* Resources */,
				00DD1BFF1BD5951E006B06BC /* Bundle React Native code and images */,
				53F19D2F18292BD63C49858B /* [CP] Copy Pods Resources */,
			);
			buildRules = (
			);
			dependencies = (
			);
			name = aurora_front;
			productName = aurora_front;
			productReference = 13B07F961A680F5B00A75B9A /* aurora_front.app */;
			productType = "com.apple.product-type.application";
		};
		2D02E47A1E0B4A5D006451C7 /* aurora_front-tvOS */ = {
			isa = PBXNativeTarget;
			buildConfigurationList = 2D02E4BA1E0B4A5E006451C7 /* Build configuration list for PBXNativeTarget "aurora_front-tvOS" */;
			buildPhases = (
				816566C3C50D9756C87B06F1 /* [CP] Check Pods Manifest.lock */,
				FD10A7F122414F3F0027D42C /* Start Packager */,
				2D02E4771E0B4A5D006451C7 /* Sources */,
				2D02E4781E0B4A5D006451C7 /* Frameworks */,
				2D02E4791E0B4A5D006451C7 /* Resources */,
				2D02E4CB1E0B4B27006451C7 /* Bundle React Native Code And Images */,
			);
			buildRules = (
			);
			dependencies = (
			);
			name = "aurora_front-tvOS";
			productName = "aurora_front-tvOS";
			productReference = 2D02E47B1E0B4A5D006451C7 /* aurora_front-tvOS.app */;
			productType = "com.apple.product-type.application";
		};
		2D02E48F1E0B4A5D006451C7 /* aurora_front-tvOSTests */ = {
			isa = PBXNativeTarget;
			buildConfigurationList = 2D02E4BB1E0B4A5E006451C7 /* Build configuration list for PBXNativeTarget "aurora_front-tvOSTests" */;
			buildPhases = (
				55B190E7B0A8F4CA4520A676 /* [CP] Check Pods Manifest.lock */,
				2D02E48C1E0B4A5D006451C7 /* Sources */,
				2D02E48D1E0B4A5D006451C7 /* Frameworks */,
				2D02E48E1E0B4A5D006451C7 /* Resources */,
			);
			buildRules = (
			);
			dependencies = (
				2D02E4921E0B4A5D006451C7 /* PBXTargetDependency */,
			);
			name = "aurora_front-tvOSTests";
			productName = "aurora_front-tvOSTests";
			productReference = 2D02E4901E0B4A5D006451C7 /* aurora_front-tvOSTests.xctest */;
			productType = "com.apple.product-type.bundle.unit-test";
		};
/* End PBXNativeTarget section */

/* Begin PBXProject section */
		83CBB9F71A601CBA00E9B192 /* Project object */ = {
			isa = PBXProject;
			attributes = {
				LastUpgradeCheck = 1140;
				ORGANIZATIONNAME = Facebook;
				TargetAttributes = {
					00E356ED1AD99517003FC87E = {
						CreatedOnToolsVersion = 6.2;
						TestTargetID = 13B07F861A680F5B00A75B9A;
					};
					13B07F861A680F5B00A75B9A = {
						DevelopmentTeam = 8LM3J96CC2;
						ProvisioningStyle = Automatic;
					};
					2D02E47A1E0B4A5D006451C7 = {
						CreatedOnToolsVersion = 8.2.1;
						ProvisioningStyle = Automatic;
					};
					2D02E48F1E0B4A5D006451C7 = {
						CreatedOnToolsVersion = 8.2.1;
						ProvisioningStyle = Automatic;
						TestTargetID = 2D02E47A1E0B4A5D006451C7;
					};
				};
			};
			buildConfigurationList = 83CBB9FA1A601CBA00E9B192 /* Build configuration list for PBXProject "aurora_front" */;
			compatibilityVersion = "Xcode 3.2";
			developmentRegion = English;
			hasScannedForEncodings = 0;
			knownRegions = (
				English,
				en,
				Base,
			);
			mainGroup = 83CBB9F61A601CBA00E9B192;
			productRefGroup = 83CBBA001A601CBA00E9B192 /* Products */;
			projectDirPath = "";
			projectRoot = "";
			targets = (
				13B07F861A680F5B00A75B9A /* aurora_front */,
				00E356ED1AD99517003FC87E /* aurora_frontTests */,
				2D02E47A1E0B4A5D006451C7 /* aurora_front-tvOS */,
				2D02E48F1E0B4A5D006451C7 /* aurora_front-tvOSTests */,
			);
		};
/* End PBXProject section */

/* Begin PBXResourcesBuildPhase section */
		00E356EC1AD99517003FC87E /* Resources */ = {
			isa = PBXResourcesBuildPhase;
			buildActionMask = 2147483647;
			files = (
			);
			runOnlyForDeploymentPostprocessing = 0;
		};
		13B07F8E1A680F5B00A75B9A /* Resources */ = {
			isa = PBXResourcesBuildPhase;
			buildActionMask = 2147483647;
			files = (
				4BEAE31F2446111800488FF0 /* test.obj in Resources */,
				4BEAE31B2446111800488FF0 /* testFunc.obj in Resources */,
				4BEAE3162446111800488FF0 /* OpenCV Test.lastbuildstate in Resources */,
				4BEAE3132446111800488FF0 /* link.command.1.tlog in Resources */,
				4BEAE3152446111800488FF0 /* CL.read.1.tlog in Resources */,
				4BEAE3192446111800488FF0 /* main.obj in Resources */,
				4BEAE3172446111800488FF0 /* CL.command.1.tlog in Resources */,
				4BEAE31A2446111800488FF0 /* trackbar.obj in Resources */,
				4BEAE31D2446111800488FF0 /* OpenCV Test.log in Resources */,
				4BEAE3202446111800488FF0 /* window.obj in Resources */,
				4BEAE31C2446111800488FF0 /* core.obj in Resources */,
				4BEAE3102446111800488FF0 /* gui.obj in Resources */,
				4BEAE30E2446111800488FF0 /* hsv.obj in Resources */,
				4BEAE3182446111800488FF0 /* CL.write.1.tlog in Resources */,
				4BEAE3142446111800488FF0 /* link.write.1.tlog in Resources */,
				13B07FBF1A68108700A75B9A /* Images.xcassets in Resources */,
				13B07FBD1A68108700A75B9A /* LaunchScreen.xib in Resources */,
				4BEAE31E2446111800488FF0 /* vc141.idb in Resources */,
				4BEAE3112446111800488FF0 /* vc141.pdb in Resources */,
				4BEAE30F2446111800488FF0 /* OpenCV Test.obj in Resources */,
				DE0EDD3FE85349FFBD699D98 /* rubicon-icon-font.ttf in Resources */,
				F3139688E1804B22A31BAB29 /* Rubik-Black.ttf in Resources */,
				DD693BA5A4A942138B9F230E /* Rubik-BlackItalic.ttf in Resources */,
				F1DC4EECED1B4D57900874C6 /* Rubik-Bold.ttf in Resources */,
				D1E1106BD186444BB8C8E5B9 /* Rubik-BoldItalic.ttf in Resources */,
				E7909E55FFDD409288D42663 /* Rubik-Italic.ttf in Resources */,
				6C530B3AA15F4CD4A31C7438 /* Rubik-Light.ttf in Resources */,
				9A9BFB6F58204AE39902E2CF /* Rubik-LightItalic.ttf in Resources */,
				1605EB6C3C2F4ED7A1C1F6ED /* Rubik-Medium.ttf in Resources */,
				5D8901A48C26473B93B7C7DF /* Rubik-MediumItalic.ttf in Resources */,
				F481EADB102D415980038113 /* Rubik-Regular.ttf in Resources */,
			);
			runOnlyForDeploymentPostprocessing = 0;
		};
		2D02E4791E0B4A5D006451C7 /* Resources */ = {
			isa = PBXResourcesBuildPhase;
			buildActionMask = 2147483647;
			files = (
				2D02E4BD1E0B4A84006451C7 /* Images.xcassets in Resources */,
			);
			runOnlyForDeploymentPostprocessing = 0;
		};
		2D02E48E1E0B4A5D006451C7 /* Resources */ = {
			isa = PBXResourcesBuildPhase;
			buildActionMask = 2147483647;
			files = (
			);
			runOnlyForDeploymentPostprocessing = 0;
		};
/* End PBXResourcesBuildPhase section */

/* Begin PBXShellScriptBuildPhase section */
		00DD1BFF1BD5951E006B06BC /* Bundle React Native code and images */ = {
			isa = PBXShellScriptBuildPhase;
			buildActionMask = 2147483647;
			files = (
			);
			inputPaths = (
			);
			name = "Bundle React Native code and images";
			outputPaths = (
			);
			runOnlyForDeploymentPostprocessing = 0;
			shellPath = /bin/sh;
			shellScript = "export NODE_BINARY=node\n../node_modules/react-native/scripts/react-native-xcode.sh\n";
		};
		2D02E4CB1E0B4B27006451C7 /* Bundle React Native Code And Images */ = {
			isa = PBXShellScriptBuildPhase;
			buildActionMask = 2147483647;
			files = (
			);
			inputPaths = (
			);
			name = "Bundle React Native Code And Images";
			outputPaths = (
			);
			runOnlyForDeploymentPostprocessing = 0;
			shellPath = /bin/sh;
			shellScript = "export NODE_BINARY=node\n../node_modules/react-native/scripts/react-native-xcode.sh";
		};
		53F19D2F18292BD63C49858B /* [CP] Copy Pods Resources */ = {
			isa = PBXShellScriptBuildPhase;
			buildActionMask = 2147483647;
			files = (
			);
			inputPaths = (
				"${PODS_ROOT}/Target Support Files/Pods-aurora_front/Pods-aurora_front-resources.sh",
				"${PODS_ROOT}/../../node_modules/react-native-vector-icons/Fonts/AntDesign.ttf",
				"${PODS_ROOT}/../../node_modules/react-native-vector-icons/Fonts/Entypo.ttf",
				"${PODS_ROOT}/../../node_modules/react-native-vector-icons/Fonts/EvilIcons.ttf",
				"${PODS_ROOT}/../../node_modules/react-native-vector-icons/Fonts/Feather.ttf",
				"${PODS_ROOT}/../../node_modules/react-native-vector-icons/Fonts/FontAwesome.ttf",
				"${PODS_ROOT}/../../node_modules/react-native-vector-icons/Fonts/FontAwesome5_Brands.ttf",
				"${PODS_ROOT}/../../node_modules/react-native-vector-icons/Fonts/FontAwesome5_Regular.ttf",
				"${PODS_ROOT}/../../node_modules/react-native-vector-icons/Fonts/FontAwesome5_Solid.ttf",
				"${PODS_ROOT}/../../node_modules/react-native-vector-icons/Fonts/Fontisto.ttf",
				"${PODS_ROOT}/../../node_modules/react-native-vector-icons/Fonts/Foundation.ttf",
				"${PODS_ROOT}/../../node_modules/react-native-vector-icons/Fonts/Ionicons.ttf",
				"${PODS_ROOT}/../../node_modules/react-native-vector-icons/Fonts/MaterialCommunityIcons.ttf",
				"${PODS_ROOT}/../../node_modules/react-native-vector-icons/Fonts/MaterialIcons.ttf",
				"${PODS_ROOT}/../../node_modules/react-native-vector-icons/Fonts/Octicons.ttf",
				"${PODS_ROOT}/../../node_modules/react-native-vector-icons/Fonts/SimpleLineIcons.ttf",
				"${PODS_ROOT}/../../node_modules/react-native-vector-icons/Fonts/Zocial.ttf",
			);
			name = "[CP] Copy Pods Resources";
			outputPaths = (
				"${TARGET_BUILD_DIR}/${UNLOCALIZED_RESOURCES_FOLDER_PATH}/AntDesign.ttf",
				"${TARGET_BUILD_DIR}/${UNLOCALIZED_RESOURCES_FOLDER_PATH}/Entypo.ttf",
				"${TARGET_BUILD_DIR}/${UNLOCALIZED_RESOURCES_FOLDER_PATH}/EvilIcons.ttf",
				"${TARGET_BUILD_DIR}/${UNLOCALIZED_RESOURCES_FOLDER_PATH}/Feather.ttf",
				"${TARGET_BUILD_DIR}/${UNLOCALIZED_RESOURCES_FOLDER_PATH}/FontAwesome.ttf",
				"${TARGET_BUILD_DIR}/${UNLOCALIZED_RESOURCES_FOLDER_PATH}/FontAwesome5_Brands.ttf",
				"${TARGET_BUILD_DIR}/${UNLOCALIZED_RESOURCES_FOLDER_PATH}/FontAwesome5_Regular.ttf",
				"${TARGET_BUILD_DIR}/${UNLOCALIZED_RESOURCES_FOLDER_PATH}/FontAwesome5_Solid.ttf",
				"${TARGET_BUILD_DIR}/${UNLOCALIZED_RESOURCES_FOLDER_PATH}/Fontisto.ttf",
				"${TARGET_BUILD_DIR}/${UNLOCALIZED_RESOURCES_FOLDER_PATH}/Foundation.ttf",
				"${TARGET_BUILD_DIR}/${UNLOCALIZED_RESOURCES_FOLDER_PATH}/Ionicons.ttf",
				"${TARGET_BUILD_DIR}/${UNLOCALIZED_RESOURCES_FOLDER_PATH}/MaterialCommunityIcons.ttf",
				"${TARGET_BUILD_DIR}/${UNLOCALIZED_RESOURCES_FOLDER_PATH}/MaterialIcons.ttf",
				"${TARGET_BUILD_DIR}/${UNLOCALIZED_RESOURCES_FOLDER_PATH}/Octicons.ttf",
				"${TARGET_BUILD_DIR}/${UNLOCALIZED_RESOURCES_FOLDER_PATH}/SimpleLineIcons.ttf",
				"${TARGET_BUILD_DIR}/${UNLOCALIZED_RESOURCES_FOLDER_PATH}/Zocial.ttf",
			);
			runOnlyForDeploymentPostprocessing = 0;
			shellPath = /bin/sh;
			shellScript = "\"${PODS_ROOT}/Target Support Files/Pods-aurora_front/Pods-aurora_front-resources.sh\"\n";
			showEnvVarsInLog = 0;
		};
		55B190E7B0A8F4CA4520A676 /* [CP] Check Pods Manifest.lock */ = {
			isa = PBXShellScriptBuildPhase;
			buildActionMask = 2147483647;
			files = (
			);
			inputFileListPaths = (
			);
			inputPaths = (
				"${PODS_PODFILE_DIR_PATH}/Podfile.lock",
				"${PODS_ROOT}/Manifest.lock",
			);
			name = "[CP] Check Pods Manifest.lock";
			outputFileListPaths = (
			);
			outputPaths = (
				"$(DERIVED_FILE_DIR)/Pods-aurora_front-tvOSTests-checkManifestLockResult.txt",
			);
			runOnlyForDeploymentPostprocessing = 0;
			shellPath = /bin/sh;
			shellScript = "diff \"${PODS_PODFILE_DIR_PATH}/Podfile.lock\" \"${PODS_ROOT}/Manifest.lock\" > /dev/null\nif [ $? != 0 ] ; then\n    # print error to STDERR\n    echo \"error: The sandbox is not in sync with the Podfile.lock. Run 'pod install' or update your CocoaPods installation.\" >&2\n    exit 1\nfi\n# This output is used by Xcode 'outputs' to avoid re-running this script phase.\necho \"SUCCESS\" > \"${SCRIPT_OUTPUT_FILE_0}\"\n";
			showEnvVarsInLog = 0;
		};
		5E4235CA73A0A4C7F1B7BBFC /* [CP] Check Pods Manifest.lock */ = {
			isa = PBXShellScriptBuildPhase;
			buildActionMask = 2147483647;
			files = (
			);
			inputFileListPaths = (
			);
			inputPaths = (
				"${PODS_PODFILE_DIR_PATH}/Podfile.lock",
				"${PODS_ROOT}/Manifest.lock",
			);
			name = "[CP] Check Pods Manifest.lock";
			outputFileListPaths = (
			);
			outputPaths = (
				"$(DERIVED_FILE_DIR)/Pods-aurora_frontTests-checkManifestLockResult.txt",
			);
			runOnlyForDeploymentPostprocessing = 0;
			shellPath = /bin/sh;
			shellScript = "diff \"${PODS_PODFILE_DIR_PATH}/Podfile.lock\" \"${PODS_ROOT}/Manifest.lock\" > /dev/null\nif [ $? != 0 ] ; then\n    # print error to STDERR\n    echo \"error: The sandbox is not in sync with the Podfile.lock. Run 'pod install' or update your CocoaPods installation.\" >&2\n    exit 1\nfi\n# This output is used by Xcode 'outputs' to avoid re-running this script phase.\necho \"SUCCESS\" > \"${SCRIPT_OUTPUT_FILE_0}\"\n";
			showEnvVarsInLog = 0;
		};
		816566C3C50D9756C87B06F1 /* [CP] Check Pods Manifest.lock */ = {
			isa = PBXShellScriptBuildPhase;
			buildActionMask = 2147483647;
			files = (
			);
			inputFileListPaths = (
			);
			inputPaths = (
				"${PODS_PODFILE_DIR_PATH}/Podfile.lock",
				"${PODS_ROOT}/Manifest.lock",
			);
			name = "[CP] Check Pods Manifest.lock";
			outputFileListPaths = (
			);
			outputPaths = (
				"$(DERIVED_FILE_DIR)/Pods-aurora_front-tvOS-checkManifestLockResult.txt",
			);
			runOnlyForDeploymentPostprocessing = 0;
			shellPath = /bin/sh;
			shellScript = "diff \"${PODS_PODFILE_DIR_PATH}/Podfile.lock\" \"${PODS_ROOT}/Manifest.lock\" > /dev/null\nif [ $? != 0 ] ; then\n    # print error to STDERR\n    echo \"error: The sandbox is not in sync with the Podfile.lock. Run 'pod install' or update your CocoaPods installation.\" >&2\n    exit 1\nfi\n# This output is used by Xcode 'outputs' to avoid re-running this script phase.\necho \"SUCCESS\" > \"${SCRIPT_OUTPUT_FILE_0}\"\n";
			showEnvVarsInLog = 0;
		};
		ABEA401443819EE2632BE355 /* [CP] Check Pods Manifest.lock */ = {
			isa = PBXShellScriptBuildPhase;
			buildActionMask = 2147483647;
			files = (
			);
			inputFileListPaths = (
			);
			inputPaths = (
				"${PODS_PODFILE_DIR_PATH}/Podfile.lock",
				"${PODS_ROOT}/Manifest.lock",
			);
			name = "[CP] Check Pods Manifest.lock";
			outputFileListPaths = (
			);
			outputPaths = (
				"$(DERIVED_FILE_DIR)/Pods-aurora_front-checkManifestLockResult.txt",
			);
			runOnlyForDeploymentPostprocessing = 0;
			shellPath = /bin/sh;
			shellScript = "diff \"${PODS_PODFILE_DIR_PATH}/Podfile.lock\" \"${PODS_ROOT}/Manifest.lock\" > /dev/null\nif [ $? != 0 ] ; then\n    # print error to STDERR\n    echo \"error: The sandbox is not in sync with the Podfile.lock. Run 'pod install' or update your CocoaPods installation.\" >&2\n    exit 1\nfi\n# This output is used by Xcode 'outputs' to avoid re-running this script phase.\necho \"SUCCESS\" > \"${SCRIPT_OUTPUT_FILE_0}\"\n";
			showEnvVarsInLog = 0;
		};
		FD10A7F022414F080027D42C /* Start Packager */ = {
			isa = PBXShellScriptBuildPhase;
			buildActionMask = 2147483647;
			files = (
			);
			inputFileListPaths = (
			);
			inputPaths = (
			);
			name = "Start Packager";
			outputFileListPaths = (
			);
			outputPaths = (
			);
			runOnlyForDeploymentPostprocessing = 0;
			shellPath = /bin/sh;
			shellScript = "export RCT_METRO_PORT=\"${RCT_METRO_PORT:=8081}\"\necho \"export RCT_METRO_PORT=${RCT_METRO_PORT}\" > \"${SRCROOT}/../node_modules/react-native/scripts/.packager.env\"\nif [ -z \"${RCT_NO_LAUNCH_PACKAGER+xxx}\" ] ; then\n  if nc -w 5 -z localhost ${RCT_METRO_PORT} ; then\n    if ! curl -s \"http://localhost:${RCT_METRO_PORT}/status\" | grep -q \"packager-status:running\" ; then\n      echo \"Port ${RCT_METRO_PORT} already in use, packager is either not running or not running correctly\"\n      exit 2\n    fi\n  else\n    open \"$SRCROOT/../node_modules/react-native/scripts/launchPackager.command\" || echo \"Can't start packager automatically\"\n  fi\nfi\n";
			showEnvVarsInLog = 0;
		};
		FD10A7F122414F3F0027D42C /* Start Packager */ = {
			isa = PBXShellScriptBuildPhase;
			buildActionMask = 2147483647;
			files = (
			);
			inputFileListPaths = (
			);
			inputPaths = (
			);
			name = "Start Packager";
			outputFileListPaths = (
			);
			outputPaths = (
			);
			runOnlyForDeploymentPostprocessing = 0;
			shellPath = /bin/sh;
			shellScript = "export RCT_METRO_PORT=\"${RCT_METRO_PORT:=8081}\"\necho \"export RCT_METRO_PORT=${RCT_METRO_PORT}\" > \"${SRCROOT}/../node_modules/react-native/scripts/.packager.env\"\nif [ -z \"${RCT_NO_LAUNCH_PACKAGER+xxx}\" ] ; then\n  if nc -w 5 -z localhost ${RCT_METRO_PORT} ; then\n    if ! curl -s \"http://localhost:${RCT_METRO_PORT}/status\" | grep -q \"packager-status:running\" ; then\n      echo \"Port ${RCT_METRO_PORT} already in use, packager is either not running or not running correctly\"\n      exit 2\n    fi\n  else\n    open \"$SRCROOT/../node_modules/react-native/scripts/launchPackager.command\" || echo \"Can't start packager automatically\"\n  fi\nfi\n";
			showEnvVarsInLog = 0;
		};
/* End PBXShellScriptBuildPhase section */

/* Begin PBXSourcesBuildPhase section */
		00E356EA1AD99517003FC87E /* Sources */ = {
			isa = PBXSourcesBuildPhase;
			buildActionMask = 2147483647;
			files = (
				00E356F31AD99517003FC87E /* aurora_frontTests.m in Sources */,
			);
			runOnlyForDeploymentPostprocessing = 0;
		};
		13B07F871A680F5B00A75B9A /* Sources */ = {
			isa = PBXSourcesBuildPhase;
			buildActionMask = 2147483647;
			files = (
				13B07FBC1A68108700A75B9A /* AppDelegate.m in Sources */,
				13B07FC11A68108700A75B9A /* main.m in Sources */,
				4BEAE3222446111800488FF0 /* RNOpenCvLibrary.mm in Sources */,
				4BEAE3212446111800488FF0 /* test.cpp in Sources */,
				4BEAE3232446111800488FF0 /* core.mm in Sources */,
			);
			runOnlyForDeploymentPostprocessing = 0;
		};
		2D02E4771E0B4A5D006451C7 /* Sources */ = {
			isa = PBXSourcesBuildPhase;
			buildActionMask = 2147483647;
			files = (
				2D02E4BF1E0B4AB3006451C7 /* main.m in Sources */,
				2D02E4BC1E0B4A80006451C7 /* AppDelegate.m in Sources */,
			);
			runOnlyForDeploymentPostprocessing = 0;
		};
		2D02E48C1E0B4A5D006451C7 /* Sources */ = {
			isa = PBXSourcesBuildPhase;
			buildActionMask = 2147483647;
			files = (
				2DCD954D1E0B4F2C00145EB5 /* aurora_frontTests.m in Sources */,
			);
			runOnlyForDeploymentPostprocessing = 0;
		};
/* End PBXSourcesBuildPhase section */

/* Begin PBXTargetDependency section */
		00E356F51AD99517003FC87E /* PBXTargetDependency */ = {
			isa = PBXTargetDependency;
			target = 13B07F861A680F5B00A75B9A /* aurora_front */;
			targetProxy = 00E356F41AD99517003FC87E /* PBXContainerItemProxy */;
		};
		2D02E4921E0B4A5D006451C7 /* PBXTargetDependency */ = {
			isa = PBXTargetDependency;
			target = 2D02E47A1E0B4A5D006451C7 /* aurora_front-tvOS */;
			targetProxy = 2D02E4911E0B4A5D006451C7 /* PBXContainerItemProxy */;
		};
/* End PBXTargetDependency section */

/* Begin PBXVariantGroup section */
		13B07FB11A68108700A75B9A /* LaunchScreen.xib */ = {
			isa = PBXVariantGroup;
			children = (
				13B07FB21A68108700A75B9A /* Base */,
			);
			name = LaunchScreen.xib;
			path = aurora_front;
			sourceTree = "<group>";
		};
/* End PBXVariantGroup section */

/* Begin XCBuildConfiguration section */
		00E356F61AD99517003FC87E /* Debug */ = {
			isa = XCBuildConfiguration;
			baseConfigurationReference = 07E12651E5CE08DEC2C4CE20 /* Pods-aurora_frontTests.debug.xcconfig */;
			buildSettings = {
				BUNDLE_LOADER = "$(TEST_HOST)";
				GCC_PREPROCESSOR_DEFINITIONS = (
					"DEBUG=1",
					"$(inherited)",
				);
				INFOPLIST_FILE = aurora_frontTests/Info.plist;
				IPHONEOS_DEPLOYMENT_TARGET = 9.0;
				LD_RUNPATH_SEARCH_PATHS = "$(inherited) @executable_path/Frameworks @loader_path/Frameworks";
				OTHER_LDFLAGS = (
					"-ObjC",
					"-lc++",
					"$(inherited)",
				);
				PRODUCT_BUNDLE_IDENTIFIER = "org.reactjs.native.example.$(PRODUCT_NAME:rfc1034identifier)";
				PRODUCT_NAME = "$(TARGET_NAME)";
				TEST_HOST = "$(BUILT_PRODUCTS_DIR)/aurora_front.app/aurora_front";
			};
			name = Debug;
		};
		00E356F71AD99517003FC87E /* Release */ = {
			isa = XCBuildConfiguration;
			baseConfigurationReference = CC3C09E29097DE03CDD59EC4 /* Pods-aurora_frontTests.release.xcconfig */;
			buildSettings = {
				BUNDLE_LOADER = "$(TEST_HOST)";
				COPY_PHASE_STRIP = NO;
				INFOPLIST_FILE = aurora_frontTests/Info.plist;
				IPHONEOS_DEPLOYMENT_TARGET = 9.0;
				LD_RUNPATH_SEARCH_PATHS = "$(inherited) @executable_path/Frameworks @loader_path/Frameworks";
				OTHER_LDFLAGS = (
					"-ObjC",
					"-lc++",
					"$(inherited)",
				);
				PRODUCT_BUNDLE_IDENTIFIER = "org.reactjs.native.example.$(PRODUCT_NAME:rfc1034identifier)";
				PRODUCT_NAME = "$(TARGET_NAME)";
				TEST_HOST = "$(BUILT_PRODUCTS_DIR)/aurora_front.app/aurora_front";
			};
			name = Release;
		};
		13B07F941A680F5B00A75B9A /* Debug */ = {
			isa = XCBuildConfiguration;
			baseConfigurationReference = 5931A1D242E445EA08D0731A /* Pods-aurora_front.debug.xcconfig */;
			buildSettings = {
				ASSETCATALOG_COMPILER_APPICON_NAME = AppIcon;
				CODE_SIGN_IDENTITY = "Apple Development";
				CODE_SIGN_STYLE = Automatic;
				CURRENT_PROJECT_VERSION = 1;
				DEAD_CODE_STRIPPING = NO;
				DEVELOPMENT_TEAM = 8LM3J96CC2;
				FRAMEWORK_SEARCH_PATHS = (
					"$(inherited)",
					"$(PROJECT_DIR)",
				);
				INFOPLIST_FILE = aurora_front/Info.plist;
				LD_RUNPATH_SEARCH_PATHS = "$(inherited) @executable_path/Frameworks";
				OTHER_LDFLAGS = (
					"$(inherited)",
					"-ObjC",
					"-lc++",
				);
				PRODUCT_BUNDLE_IDENTIFIER = "org.reactjs.native.example.$(PRODUCT_NAME:rfc1034identifier)";
				PRODUCT_NAME = aurora_front;
				PROVISIONING_PROFILE_SPECIFIER = "";
				USER_HEADER_SEARCH_PATHS = /Users/veatoriche/Projects/aurora/aurora_front/OpenCV;
				VERSIONING_SYSTEM = "apple-generic";
			};
			name = Debug;
		};
		13B07F951A680F5B00A75B9A /* Release */ = {
			isa = XCBuildConfiguration;
			baseConfigurationReference = 3888104AA14A3FE93F961F7C /* Pods-aurora_front.release.xcconfig */;
			buildSettings = {
				ASSETCATALOG_COMPILER_APPICON_NAME = AppIcon;
				CODE_SIGN_IDENTITY = "Apple Development";
				CODE_SIGN_STYLE = Automatic;
				CURRENT_PROJECT_VERSION = 1;
				DEVELOPMENT_TEAM = 8LM3J96CC2;
				FRAMEWORK_SEARCH_PATHS = (
					"$(inherited)",
					"$(PROJECT_DIR)",
				);
				INFOPLIST_FILE = aurora_front/Info.plist;
				LD_RUNPATH_SEARCH_PATHS = "$(inherited) @executable_path/Frameworks";
				OTHER_LDFLAGS = (
					"$(inherited)",
					"-ObjC",
					"-lc++",
				);
				PRODUCT_BUNDLE_IDENTIFIER = "org.reactjs.native.example.$(PRODUCT_NAME:rfc1034identifier)";
				PRODUCT_NAME = aurora_front;
				PROVISIONING_PROFILE_SPECIFIER = "";
				USER_HEADER_SEARCH_PATHS = /Users/veatoriche/Projects/aurora/aurora_front/OpenCV;
				VERSIONING_SYSTEM = "apple-generic";
			};
			name = Release;
		};
		2D02E4971E0B4A5E006451C7 /* Debug */ = {
			isa = XCBuildConfiguration;
			baseConfigurationReference = CE605A11A2AB11AAC8E83842 /* Pods-aurora_front-tvOS.debug.xcconfig */;
			buildSettings = {
				ASSETCATALOG_COMPILER_APPICON_NAME = "App Icon & Top Shelf Image";
				ASSETCATALOG_COMPILER_LAUNCHIMAGE_NAME = LaunchImage;
				CLANG_ANALYZER_NONNULL = YES;
				CLANG_WARN_DOCUMENTATION_COMMENTS = YES;
				CLANG_WARN_INFINITE_RECURSION = YES;
				CLANG_WARN_SUSPICIOUS_MOVE = YES;
				DEBUG_INFORMATION_FORMAT = dwarf;
				ENABLE_TESTABILITY = YES;
				GCC_NO_COMMON_BLOCKS = YES;
				INFOPLIST_FILE = "aurora_front-tvOS/Info.plist";
				LD_RUNPATH_SEARCH_PATHS = "$(inherited) @executable_path/Frameworks";
				OTHER_LDFLAGS = (
					"$(inherited)",
					"-ObjC",
					"-lc++",
				);
				PRODUCT_BUNDLE_IDENTIFIER = "com.facebook.REACT.aurora_front-tvOS";
				PRODUCT_NAME = "$(TARGET_NAME)";
				SDKROOT = appletvos;
				TARGETED_DEVICE_FAMILY = 3;
				TVOS_DEPLOYMENT_TARGET = 9.2;
			};
			name = Debug;
		};
		2D02E4981E0B4A5E006451C7 /* Release */ = {
			isa = XCBuildConfiguration;
			baseConfigurationReference = 64DA9E91ECF783CEB3E8CB43 /* Pods-aurora_front-tvOS.release.xcconfig */;
			buildSettings = {
				ASSETCATALOG_COMPILER_APPICON_NAME = "App Icon & Top Shelf Image";
				ASSETCATALOG_COMPILER_LAUNCHIMAGE_NAME = LaunchImage;
				CLANG_ANALYZER_NONNULL = YES;
				CLANG_WARN_DOCUMENTATION_COMMENTS = YES;
				CLANG_WARN_INFINITE_RECURSION = YES;
				CLANG_WARN_SUSPICIOUS_MOVE = YES;
				COPY_PHASE_STRIP = NO;
				DEBUG_INFORMATION_FORMAT = "dwarf-with-dsym";
				GCC_NO_COMMON_BLOCKS = YES;
				INFOPLIST_FILE = "aurora_front-tvOS/Info.plist";
				LD_RUNPATH_SEARCH_PATHS = "$(inherited) @executable_path/Frameworks";
				OTHER_LDFLAGS = (
					"$(inherited)",
					"-ObjC",
					"-lc++",
				);
				PRODUCT_BUNDLE_IDENTIFIER = "com.facebook.REACT.aurora_front-tvOS";
				PRODUCT_NAME = "$(TARGET_NAME)";
				SDKROOT = appletvos;
				TARGETED_DEVICE_FAMILY = 3;
				TVOS_DEPLOYMENT_TARGET = 9.2;
			};
			name = Release;
		};
		2D02E4991E0B4A5E006451C7 /* Debug */ = {
			isa = XCBuildConfiguration;
			baseConfigurationReference = 5886B5CD51BB0145BBC5A3F7 /* Pods-aurora_front-tvOSTests.debug.xcconfig */;
			buildSettings = {
				BUNDLE_LOADER = "$(TEST_HOST)";
				CLANG_ANALYZER_NONNULL = YES;
				CLANG_WARN_DOCUMENTATION_COMMENTS = YES;
				CLANG_WARN_INFINITE_RECURSION = YES;
				CLANG_WARN_SUSPICIOUS_MOVE = YES;
				DEBUG_INFORMATION_FORMAT = dwarf;
				ENABLE_TESTABILITY = YES;
				GCC_NO_COMMON_BLOCKS = YES;
				INFOPLIST_FILE = "aurora_front-tvOSTests/Info.plist";
				LD_RUNPATH_SEARCH_PATHS = "$(inherited) @executable_path/Frameworks @loader_path/Frameworks";
				OTHER_LDFLAGS = (
					"$(inherited)",
					"-ObjC",
					"-lc++",
				);
				PRODUCT_BUNDLE_IDENTIFIER = "com.facebook.REACT.aurora_front-tvOSTests";
				PRODUCT_NAME = "$(TARGET_NAME)";
				SDKROOT = appletvos;
				TEST_HOST = "$(BUILT_PRODUCTS_DIR)/aurora_front-tvOS.app/aurora_front-tvOS";
				TVOS_DEPLOYMENT_TARGET = 10.1;
			};
			name = Debug;
		};
		2D02E49A1E0B4A5E006451C7 /* Release */ = {
			isa = XCBuildConfiguration;
			baseConfigurationReference = 7883E60DF7C0418B66F55FE4 /* Pods-aurora_front-tvOSTests.release.xcconfig */;
			buildSettings = {
				BUNDLE_LOADER = "$(TEST_HOST)";
				CLANG_ANALYZER_NONNULL = YES;
				CLANG_WARN_DOCUMENTATION_COMMENTS = YES;
				CLANG_WARN_INFINITE_RECURSION = YES;
				CLANG_WARN_SUSPICIOUS_MOVE = YES;
				COPY_PHASE_STRIP = NO;
				DEBUG_INFORMATION_FORMAT = "dwarf-with-dsym";
				GCC_NO_COMMON_BLOCKS = YES;
				INFOPLIST_FILE = "aurora_front-tvOSTests/Info.plist";
				LD_RUNPATH_SEARCH_PATHS = "$(inherited) @executable_path/Frameworks @loader_path/Frameworks";
				OTHER_LDFLAGS = (
					"$(inherited)",
					"-ObjC",
					"-lc++",
				);
				PRODUCT_BUNDLE_IDENTIFIER = "com.facebook.REACT.aurora_front-tvOSTests";
				PRODUCT_NAME = "$(TARGET_NAME)";
				SDKROOT = appletvos;
				TEST_HOST = "$(BUILT_PRODUCTS_DIR)/aurora_front-tvOS.app/aurora_front-tvOS";
				TVOS_DEPLOYMENT_TARGET = 10.1;
			};
			name = Release;
		};
		83CBBA201A601CBA00E9B192 /* Debug */ = {
			isa = XCBuildConfiguration;
			buildSettings = {
				ALWAYS_SEARCH_USER_PATHS = NO;
				CLANG_CXX_LANGUAGE_STANDARD = "gnu++0x";
				CLANG_CXX_LIBRARY = "libc++";
				CLANG_ENABLE_MODULES = YES;
				CLANG_ENABLE_OBJC_ARC = YES;
				CLANG_WARN_BLOCK_CAPTURE_AUTORELEASING = YES;
				CLANG_WARN_BOOL_CONVERSION = YES;
				CLANG_WARN_COMMA = YES;
				CLANG_WARN_CONSTANT_CONVERSION = YES;
				CLANG_WARN_DEPRECATED_OBJC_IMPLEMENTATIONS = YES;
				CLANG_WARN_DIRECT_OBJC_ISA_USAGE = YES_ERROR;
				CLANG_WARN_EMPTY_BODY = YES;
				CLANG_WARN_ENUM_CONVERSION = YES;
				CLANG_WARN_INFINITE_RECURSION = YES;
				CLANG_WARN_INT_CONVERSION = YES;
				CLANG_WARN_NON_LITERAL_NULL_CONVERSION = YES;
				CLANG_WARN_OBJC_IMPLICIT_RETAIN_SELF = YES;
				CLANG_WARN_OBJC_LITERAL_CONVERSION = YES;
				CLANG_WARN_OBJC_ROOT_CLASS = YES_ERROR;
				CLANG_WARN_RANGE_LOOP_ANALYSIS = YES;
				CLANG_WARN_STRICT_PROTOTYPES = YES;
				CLANG_WARN_SUSPICIOUS_MOVE = YES;
				CLANG_WARN_UNREACHABLE_CODE = YES;
				CLANG_WARN__DUPLICATE_METHOD_MATCH = YES;
				"CODE_SIGN_IDENTITY[sdk=iphoneos*]" = "iPhone Developer";
				COPY_PHASE_STRIP = NO;
				ENABLE_STRICT_OBJC_MSGSEND = YES;
				ENABLE_TESTABILITY = YES;
				GCC_C_LANGUAGE_STANDARD = gnu99;
				GCC_DYNAMIC_NO_PIC = NO;
				GCC_NO_COMMON_BLOCKS = YES;
				GCC_OPTIMIZATION_LEVEL = 0;
				GCC_PREPROCESSOR_DEFINITIONS = (
					"DEBUG=1",
					"$(inherited)",
				);
				GCC_SYMBOLS_PRIVATE_EXTERN = NO;
				GCC_WARN_64_TO_32_BIT_CONVERSION = YES;
				GCC_WARN_ABOUT_RETURN_TYPE = YES_ERROR;
				GCC_WARN_UNDECLARED_SELECTOR = YES;
				GCC_WARN_UNINITIALIZED_AUTOS = YES_AGGRESSIVE;
				GCC_WARN_UNUSED_FUNCTION = YES;
				GCC_WARN_UNUSED_VARIABLE = YES;
				IPHONEOS_DEPLOYMENT_TARGET = 9.0;
				MTL_ENABLE_DEBUG_INFO = YES;
				ONLY_ACTIVE_ARCH = YES;
				SDKROOT = iphoneos;
			};
			name = Debug;
		};
		83CBBA211A601CBA00E9B192 /* Release */ = {
			isa = XCBuildConfiguration;
			buildSettings = {
				ALWAYS_SEARCH_USER_PATHS = NO;
				CLANG_CXX_LANGUAGE_STANDARD = "gnu++0x";
				CLANG_CXX_LIBRARY = "libc++";
				CLANG_ENABLE_MODULES = YES;
				CLANG_ENABLE_OBJC_ARC = YES;
				CLANG_WARN_BLOCK_CAPTURE_AUTORELEASING = YES;
				CLANG_WARN_BOOL_CONVERSION = YES;
				CLANG_WARN_COMMA = YES;
				CLANG_WARN_CONSTANT_CONVERSION = YES;
				CLANG_WARN_DEPRECATED_OBJC_IMPLEMENTATIONS = YES;
				CLANG_WARN_DIRECT_OBJC_ISA_USAGE = YES_ERROR;
				CLANG_WARN_EMPTY_BODY = YES;
				CLANG_WARN_ENUM_CONVERSION = YES;
				CLANG_WARN_INFINITE_RECURSION = YES;
				CLANG_WARN_INT_CONVERSION = YES;
				CLANG_WARN_NON_LITERAL_NULL_CONVERSION = YES;
				CLANG_WARN_OBJC_IMPLICIT_RETAIN_SELF = YES;
				CLANG_WARN_OBJC_LITERAL_CONVERSION = YES;
				CLANG_WARN_OBJC_ROOT_CLASS = YES_ERROR;
				CLANG_WARN_RANGE_LOOP_ANALYSIS = YES;
				CLANG_WARN_STRICT_PROTOTYPES = YES;
				CLANG_WARN_SUSPICIOUS_MOVE = YES;
				CLANG_WARN_UNREACHABLE_CODE = YES;
				CLANG_WARN__DUPLICATE_METHOD_MATCH = YES;
				"CODE_SIGN_IDENTITY[sdk=iphoneos*]" = "iPhone Developer";
				COPY_PHASE_STRIP = YES;
				ENABLE_NS_ASSERTIONS = NO;
				ENABLE_STRICT_OBJC_MSGSEND = YES;
				GCC_C_LANGUAGE_STANDARD = gnu99;
				GCC_NO_COMMON_BLOCKS = YES;
				GCC_WARN_64_TO_32_BIT_CONVERSION = YES;
				GCC_WARN_ABOUT_RETURN_TYPE = YES_ERROR;
				GCC_WARN_UNDECLARED_SELECTOR = YES;
				GCC_WARN_UNINITIALIZED_AUTOS = YES_AGGRESSIVE;
				GCC_WARN_UNUSED_FUNCTION = YES;
				GCC_WARN_UNUSED_VARIABLE = YES;
				IPHONEOS_DEPLOYMENT_TARGET = 9.0;
				MTL_ENABLE_DEBUG_INFO = NO;
				SDKROOT = iphoneos;
				VALIDATE_PRODUCT = YES;
			};
			name = Release;
		};
/* End XCBuildConfiguration section */

/* Begin XCConfigurationList section */
		00E357021AD99517003FC87E /* Build configuration list for PBXNativeTarget "aurora_frontTests" */ = {
			isa = XCConfigurationList;
			buildConfigurations = (
				00E356F61AD99517003FC87E /* Debug */,
				00E356F71AD99517003FC87E /* Release */,
			);
			defaultConfigurationIsVisible = 0;
			defaultConfigurationName = Release;
		};
		13B07F931A680F5B00A75B9A /* Build configuration list for PBXNativeTarget "aurora_front" */ = {
			isa = XCConfigurationList;
			buildConfigurations = (
				13B07F941A680F5B00A75B9A /* Debug */,
				13B07F951A680F5B00A75B9A /* Release */,
			);
			defaultConfigurationIsVisible = 0;
			defaultConfigurationName = Release;
		};
		2D02E4BA1E0B4A5E006451C7 /* Build configuration list for PBXNativeTarget "aurora_front-tvOS" */ = {
			isa = XCConfigurationList;
			buildConfigurations = (
				2D02E4971E0B4A5E006451C7 /* Debug */,
				2D02E4981E0B4A5E006451C7 /* Release */,
			);
			defaultConfigurationIsVisible = 0;
			defaultConfigurationName = Release;
		};
		2D02E4BB1E0B4A5E006451C7 /* Build configuration list for PBXNativeTarget "aurora_front-tvOSTests" */ = {
			isa = XCConfigurationList;
			buildConfigurations = (
				2D02E4991E0B4A5E006451C7 /* Debug */,
				2D02E49A1E0B4A5E006451C7 /* Release */,
			);
			defaultConfigurationIsVisible = 0;
			defaultConfigurationName = Release;
		};
		83CBB9FA1A601CBA00E9B192 /* Build configuration list for PBXProject "aurora_front" */ = {
			isa = XCConfigurationList;
			buildConfigurations = (
				83CBBA201A601CBA00E9B192 /* Debug */,
				83CBBA211A601CBA00E9B192 /* Release */,
			);
			defaultConfigurationIsVisible = 0;
			defaultConfigurationName = Release;
		};
/* End XCConfigurationList section */
	};
	rootObject = 83CBB9F71A601CBA00E9B192 /* Project object */;
}
